// !$*UTF8*$!
{
	archiveVersion = 1;
	classes = {
	};
	objectVersion = 46;
	objects = {

/* Begin PBXBuildFile section */
		461D6DF1201795A100E0CDEE /* UIScrollView+ScrollActivity.swift in Sources */ = {isa = PBXBuildFile; fileRef = 461D6DF0201795A100E0CDEE /* UIScrollView+ScrollActivity.swift */; };
		461D6DF2201795A100E0CDEE /* UIScrollView+ScrollActivity.swift in Sources */ = {isa = PBXBuildFile; fileRef = 461D6DF0201795A100E0CDEE /* UIScrollView+ScrollActivity.swift */; };
		462A65DD2000FCAA0051C79C /* UIView+Localization.swift in Sources */ = {isa = PBXBuildFile; fileRef = 462A65D92000FCAA0051C79C /* UIView+Localization.swift */; };
		462A65DE2000FCAA0051C79C /* UIView+Localization.swift in Sources */ = {isa = PBXBuildFile; fileRef = 462A65D92000FCAA0051C79C /* UIView+Localization.swift */; };
		462A65DF2000FCAA0051C79C /* UIView+AutoLayout.swift in Sources */ = {isa = PBXBuildFile; fileRef = 462A65DA2000FCAA0051C79C /* UIView+AutoLayout.swift */; };
		462A65E02000FCAA0051C79C /* UIView+AutoLayout.swift in Sources */ = {isa = PBXBuildFile; fileRef = 462A65DA2000FCAA0051C79C /* UIView+AutoLayout.swift */; };
		462A65E12000FCAA0051C79C /* UIApplication+SafeShared.swift in Sources */ = {isa = PBXBuildFile; fileRef = 462A65DB2000FCAA0051C79C /* UIApplication+SafeShared.swift */; };
		462A65E22000FCAA0051C79C /* UIApplication+SafeShared.swift in Sources */ = {isa = PBXBuildFile; fileRef = 462A65DB2000FCAA0051C79C /* UIApplication+SafeShared.swift */; };
		462A65E32000FCAA0051C79C /* UIPageViewController+ScrollView.swift in Sources */ = {isa = PBXBuildFile; fileRef = 462A65DC2000FCAA0051C79C /* UIPageViewController+ScrollView.swift */; };
		462A65E42000FCAA0051C79C /* UIPageViewController+ScrollView.swift in Sources */ = {isa = PBXBuildFile; fileRef = 462A65DC2000FCAA0051C79C /* UIPageViewController+ScrollView.swift */; };
		462D03DF2091D3AB0033C710 /* UIView+Animation.swift in Sources */ = {isa = PBXBuildFile; fileRef = 462D03DE2091D3AB0033C710 /* UIView+Animation.swift */; };
		462D03E02091D3AB0033C710 /* UIView+Animation.swift in Sources */ = {isa = PBXBuildFile; fileRef = 462D03DE2091D3AB0033C710 /* UIView+Animation.swift */; };
		464ADF52209717EF00929AFB /* NavigationDirection.swift in Sources */ = {isa = PBXBuildFile; fileRef = 464ADF51209717EF00929AFB /* NavigationDirection.swift */; };
		464ADF53209717EF00929AFB /* NavigationDirection.swift in Sources */ = {isa = PBXBuildFile; fileRef = 464ADF51209717EF00929AFB /* NavigationDirection.swift */; };
		464ADF552097565D00929AFB /* Page.swift in Sources */ = {isa = PBXBuildFile; fileRef = 464ADF542097565D00929AFB /* Page.swift */; };
		464ADF562097565D00929AFB /* Page.swift in Sources */ = {isa = PBXBuildFile; fileRef = 464ADF542097565D00929AFB /* Page.swift */; };
		464ADF5A20975E3D00929AFB /* PageboyViewControllerDelegate.swift in Sources */ = {isa = PBXBuildFile; fileRef = 464ADF5820975E3D00929AFB /* PageboyViewControllerDelegate.swift */; };
		464ADF5B20975E3D00929AFB /* PageboyViewControllerDelegate.swift in Sources */ = {isa = PBXBuildFile; fileRef = 464ADF5820975E3D00929AFB /* PageboyViewControllerDelegate.swift */; };
		464ADF5C20975E3D00929AFB /* PageboyViewControllerDataSource.swift in Sources */ = {isa = PBXBuildFile; fileRef = 464ADF5920975E3D00929AFB /* PageboyViewControllerDataSource.swift */; };
		464ADF5D20975E3D00929AFB /* PageboyViewControllerDataSource.swift in Sources */ = {isa = PBXBuildFile; fileRef = 464ADF5920975E3D00929AFB /* PageboyViewControllerDataSource.swift */; };
		464ADF5F20975E5000929AFB /* UIViewController+Pageboy.swift in Sources */ = {isa = PBXBuildFile; fileRef = 464ADF5E20975E5000929AFB /* UIViewController+Pageboy.swift */; };
		464ADF6020975E5000929AFB /* UIViewController+Pageboy.swift in Sources */ = {isa = PBXBuildFile; fileRef = 464ADF5E20975E5000929AFB /* UIViewController+Pageboy.swift */; };
		466A76B61FB38B32000B5C1C /* PageboyViewController.swift in Sources */ = {isa = PBXBuildFile; fileRef = D623B1D11E1D2DF200527F3D /* PageboyViewController.swift */; };
		46ADAAB6208F7E1500974529 /* PageboyAutoScroller.swift in Sources */ = {isa = PBXBuildFile; fileRef = 46ADAAB4208F7E1500974529 /* PageboyAutoScroller.swift */; };
		46ADAAB7208F7E1500974529 /* PageboyAutoScroller.swift in Sources */ = {isa = PBXBuildFile; fileRef = 46ADAAB4208F7E1500974529 /* PageboyAutoScroller.swift */; };
		46ADAAB8208F7E1500974529 /* PageboyViewController+AutoScrolling.swift in Sources */ = {isa = PBXBuildFile; fileRef = 46ADAAB5208F7E1500974529 /* PageboyViewController+AutoScrolling.swift */; };
		46ADAAB9208F7E1500974529 /* PageboyViewController+AutoScrolling.swift in Sources */ = {isa = PBXBuildFile; fileRef = 46ADAAB5208F7E1500974529 /* PageboyViewController+AutoScrolling.swift */; };
		46ADAABE208F7E8500974529 /* PageboyViewController+Transitioning.swift in Sources */ = {isa = PBXBuildFile; fileRef = 46ADAABB208F7E8500974529 /* PageboyViewController+Transitioning.swift */; };
		46ADAABF208F7E8500974529 /* PageboyViewController+Transitioning.swift in Sources */ = {isa = PBXBuildFile; fileRef = 46ADAABB208F7E8500974529 /* PageboyViewController+Transitioning.swift */; };
		46ADAAC0208F7E8500974529 /* TransitionOperation+Action.swift in Sources */ = {isa = PBXBuildFile; fileRef = 46ADAABC208F7E8500974529 /* TransitionOperation+Action.swift */; };
		46ADAAC1208F7E8500974529 /* TransitionOperation+Action.swift in Sources */ = {isa = PBXBuildFile; fileRef = 46ADAABC208F7E8500974529 /* TransitionOperation+Action.swift */; };
		46ADAAC2208F7E8500974529 /* TransitionOperation.swift in Sources */ = {isa = PBXBuildFile; fileRef = 46ADAABD208F7E8500974529 /* TransitionOperation.swift */; };
		46ADAAC3208F7E8500974529 /* TransitionOperation.swift in Sources */ = {isa = PBXBuildFile; fileRef = 46ADAABD208F7E8500974529 /* TransitionOperation.swift */; };
		46ADAAC8208F7EB200974529 /* PageboyViewController+Updating.swift in Sources */ = {isa = PBXBuildFile; fileRef = 46ADAAC4208F7EB100974529 /* PageboyViewController+Updating.swift */; };
		46ADAAC9208F7EB200974529 /* PageboyViewController+Updating.swift in Sources */ = {isa = PBXBuildFile; fileRef = 46ADAAC4208F7EB100974529 /* PageboyViewController+Updating.swift */; };
		46ADAACC208F7EB200974529 /* PageboyViewController+ScrollDetection.swift in Sources */ = {isa = PBXBuildFile; fileRef = 46ADAAC6208F7EB100974529 /* PageboyViewController+ScrollDetection.swift */; };
		46ADAACD208F7EB200974529 /* PageboyViewController+ScrollDetection.swift in Sources */ = {isa = PBXBuildFile; fileRef = 46ADAAC6208F7EB100974529 /* PageboyViewController+ScrollDetection.swift */; };
		46ADAACE208F7EB200974529 /* PageboyViewController+Management.swift in Sources */ = {isa = PBXBuildFile; fileRef = 46ADAAC7208F7EB200974529 /* PageboyViewController+Management.swift */; };
		46ADAACF208F7EB200974529 /* PageboyViewController+Management.swift in Sources */ = {isa = PBXBuildFile; fileRef = 46ADAAC7208F7EB200974529 /* PageboyViewController+Management.swift */; };
		46B7BD7E21791E2D0041EFFC /* PageboyViewController+ScrollCalculations.swift in Sources */ = {isa = PBXBuildFile; fileRef = 46B7BD7D21791E2D0041EFFC /* PageboyViewController+ScrollCalculations.swift */; };
		46C5D36E219B5B5000EACABD /* PageboyInsertionTests.swift in Sources */ = {isa = PBXBuildFile; fileRef = 46C5D36D219B5B5000EACABD /* PageboyInsertionTests.swift */; };
		BB5277392211308B003695BB /* DispatchQueue+main.swift in Sources */ = {isa = PBXBuildFile; fileRef = BB5277382211308B003695BB /* DispatchQueue+main.swift */; };
		BB52773A2211308B003695BB /* DispatchQueue+main.swift in Sources */ = {isa = PBXBuildFile; fileRef = BB5277382211308B003695BB /* DispatchQueue+main.swift */; };
		D623B1C11E1D0C6B00527F3D /* Pageboy.framework in Frameworks */ = {isa = PBXBuildFile; fileRef = D623B1B71E1D0C6A00527F3D /* Pageboy.framework */; };
		D623B1C61E1D0C6B00527F3D /* PageboyTests.swift in Sources */ = {isa = PBXBuildFile; fileRef = D623B1C51E1D0C6B00527F3D /* PageboyTests.swift */; };
		D623B1C81E1D0C6B00527F3D /* Pageboy.h in Headers */ = {isa = PBXBuildFile; fileRef = D623B1BA1E1D0C6A00527F3D /* Pageboy.h */; settings = {ATTRIBUTES = (Public, ); }; };
		D623B1D21E1D2DF200527F3D /* PageboyViewController.swift in Sources */ = {isa = PBXBuildFile; fileRef = D623B1D11E1D2DF200527F3D /* PageboyViewController.swift */; };
		D62436EB1E703D30006FF1A5 /* PageboyAutoScrollTests.swift in Sources */ = {isa = PBXBuildFile; fileRef = D62436EA1E703D30006FF1A5 /* PageboyAutoScrollTests.swift */; };
		D681E33F1E5477D3007C08F5 /* TestPageboyViewController.swift in Sources */ = {isa = PBXBuildFile; fileRef = D681E33E1E5477D3007C08F5 /* TestPageboyViewController.swift */; };
		D681E3411E5478E6007C08F5 /* TestPageChildViewController.swift in Sources */ = {isa = PBXBuildFile; fileRef = D681E3401E5478E6007C08F5 /* TestPageChildViewController.swift */; };
		D681E3431E547901007C08F5 /* TestPageboyDataSource.swift in Sources */ = {isa = PBXBuildFile; fileRef = D681E3421E547901007C08F5 /* TestPageboyDataSource.swift */; };
		D681E3451E548737007C08F5 /* PageboyDataSourceTests.swift in Sources */ = {isa = PBXBuildFile; fileRef = D681E3441E548737007C08F5 /* PageboyDataSourceTests.swift */; };
		D681E3491E5489A1007C08F5 /* PageboyTransitionTests.swift in Sources */ = {isa = PBXBuildFile; fileRef = D681E3481E5489A1007C08F5 /* PageboyTransitionTests.swift */; };
		D681E34B1E548C0E007C08F5 /* PageboyConfigurationTests.swift in Sources */ = {isa = PBXBuildFile; fileRef = D681E34A1E548C0E007C08F5 /* PageboyConfigurationTests.swift */; };
		D681E34D1E548D12007C08F5 /* TestPageboyDelegate.swift in Sources */ = {isa = PBXBuildFile; fileRef = D681E34C1E548D12007C08F5 /* TestPageboyDelegate.swift */; };
		D69816BA1E829043004096BA /* PageboyPropertyTests.swift in Sources */ = {isa = PBXBuildFile; fileRef = D69816B91E829043004096BA /* PageboyPropertyTests.swift */; };
/* End PBXBuildFile section */

/* Begin PBXContainerItemProxy section */
		D623B1C21E1D0C6B00527F3D /* PBXContainerItemProxy */ = {
			isa = PBXContainerItemProxy;
			containerPortal = D623B1AE1E1D0C6A00527F3D /* Project object */;
			proxyType = 1;
			remoteGlobalIDString = D623B1B61E1D0C6A00527F3D;
			remoteInfo = Pageboy;
		};
/* End PBXContainerItemProxy section */

/* Begin PBXFileReference section */
		461D6DF0201795A100E0CDEE /* UIScrollView+ScrollActivity.swift */ = {isa = PBXFileReference; lastKnownFileType = sourcecode.swift; path = "UIScrollView+ScrollActivity.swift"; sourceTree = "<group>"; };
		462A65D92000FCAA0051C79C /* UIView+Localization.swift */ = {isa = PBXFileReference; fileEncoding = 4; lastKnownFileType = sourcecode.swift; path = "UIView+Localization.swift"; sourceTree = "<group>"; };
		462A65DA2000FCAA0051C79C /* UIView+AutoLayout.swift */ = {isa = PBXFileReference; fileEncoding = 4; lastKnownFileType = sourcecode.swift; path = "UIView+AutoLayout.swift"; sourceTree = "<group>"; };
		462A65DB2000FCAA0051C79C /* UIApplication+SafeShared.swift */ = {isa = PBXFileReference; fileEncoding = 4; lastKnownFileType = sourcecode.swift; path = "UIApplication+SafeShared.swift"; sourceTree = "<group>"; };
		462A65DC2000FCAA0051C79C /* UIPageViewController+ScrollView.swift */ = {isa = PBXFileReference; fileEncoding = 4; lastKnownFileType = sourcecode.swift; path = "UIPageViewController+ScrollView.swift"; sourceTree = "<group>"; };
		462D03DE2091D3AB0033C710 /* UIView+Animation.swift */ = {isa = PBXFileReference; lastKnownFileType = sourcecode.swift; path = "UIView+Animation.swift"; sourceTree = "<group>"; };
		464ADF51209717EF00929AFB /* NavigationDirection.swift */ = {isa = PBXFileReference; fileEncoding = 4; lastKnownFileType = sourcecode.swift; path = NavigationDirection.swift; sourceTree = "<group>"; };
		464ADF542097565D00929AFB /* Page.swift */ = {isa = PBXFileReference; lastKnownFileType = sourcecode.swift; path = Page.swift; sourceTree = "<group>"; };
		464ADF5820975E3D00929AFB /* PageboyViewControllerDelegate.swift */ = {isa = PBXFileReference; fileEncoding = 4; lastKnownFileType = sourcecode.swift; path = PageboyViewControllerDelegate.swift; sourceTree = "<group>"; };
		464ADF5920975E3D00929AFB /* PageboyViewControllerDataSource.swift */ = {isa = PBXFileReference; fileEncoding = 4; lastKnownFileType = sourcecode.swift; path = PageboyViewControllerDataSource.swift; sourceTree = "<group>"; };
		464ADF5E20975E5000929AFB /* UIViewController+Pageboy.swift */ = {isa = PBXFileReference; fileEncoding = 4; lastKnownFileType = sourcecode.swift; path = "UIViewController+Pageboy.swift"; sourceTree = "<group>"; };
		46ADAAB4208F7E1500974529 /* PageboyAutoScroller.swift */ = {isa = PBXFileReference; fileEncoding = 4; lastKnownFileType = sourcecode.swift; path = PageboyAutoScroller.swift; sourceTree = "<group>"; };
		46ADAAB5208F7E1500974529 /* PageboyViewController+AutoScrolling.swift */ = {isa = PBXFileReference; fileEncoding = 4; lastKnownFileType = sourcecode.swift; path = "PageboyViewController+AutoScrolling.swift"; sourceTree = "<group>"; };
		46ADAABB208F7E8500974529 /* PageboyViewController+Transitioning.swift */ = {isa = PBXFileReference; fileEncoding = 4; lastKnownFileType = sourcecode.swift; path = "PageboyViewController+Transitioning.swift"; sourceTree = "<group>"; };
		46ADAABC208F7E8500974529 /* TransitionOperation+Action.swift */ = {isa = PBXFileReference; fileEncoding = 4; lastKnownFileType = sourcecode.swift; path = "TransitionOperation+Action.swift"; sourceTree = "<group>"; };
		46ADAABD208F7E8500974529 /* TransitionOperation.swift */ = {isa = PBXFileReference; fileEncoding = 4; lastKnownFileType = sourcecode.swift; path = TransitionOperation.swift; sourceTree = "<group>"; };
		46ADAAC4208F7EB100974529 /* PageboyViewController+Updating.swift */ = {isa = PBXFileReference; fileEncoding = 4; lastKnownFileType = sourcecode.swift; path = "PageboyViewController+Updating.swift"; sourceTree = "<group>"; };
		46ADAAC6208F7EB100974529 /* PageboyViewController+ScrollDetection.swift */ = {isa = PBXFileReference; fileEncoding = 4; lastKnownFileType = sourcecode.swift; path = "PageboyViewController+ScrollDetection.swift"; sourceTree = "<group>"; };
		46ADAAC7208F7EB200974529 /* PageboyViewController+Management.swift */ = {isa = PBXFileReference; fileEncoding = 4; lastKnownFileType = sourcecode.swift; path = "PageboyViewController+Management.swift"; sourceTree = "<group>"; };
		46B7BD7D21791E2D0041EFFC /* PageboyViewController+ScrollCalculations.swift */ = {isa = PBXFileReference; lastKnownFileType = sourcecode.swift; path = "PageboyViewController+ScrollCalculations.swift"; sourceTree = "<group>"; };
		46C5D36D219B5B5000EACABD /* PageboyInsertionTests.swift */ = {isa = PBXFileReference; lastKnownFileType = sourcecode.swift; path = PageboyInsertionTests.swift; sourceTree = "<group>"; };
		BB5277382211308B003695BB /* DispatchQueue+main.swift */ = {isa = PBXFileReference; lastKnownFileType = sourcecode.swift; path = "DispatchQueue+main.swift"; sourceTree = "<group>"; };
		D623B1B71E1D0C6A00527F3D /* Pageboy.framework */ = {isa = PBXFileReference; explicitFileType = wrapper.framework; includeInIndex = 0; path = Pageboy.framework; sourceTree = BUILT_PRODUCTS_DIR; };
		D623B1BA1E1D0C6A00527F3D /* Pageboy.h */ = {isa = PBXFileReference; lastKnownFileType = sourcecode.c.h; path = Pageboy.h; sourceTree = "<group>"; };
		D623B1BB1E1D0C6A00527F3D /* Info.plist */ = {isa = PBXFileReference; lastKnownFileType = text.plist.xml; path = Info.plist; sourceTree = "<group>"; };
		D623B1C01E1D0C6B00527F3D /* PageboyTests.xctest */ = {isa = PBXFileReference; explicitFileType = wrapper.cfbundle; includeInIndex = 0; path = PageboyTests.xctest; sourceTree = BUILT_PRODUCTS_DIR; };
		D623B1C51E1D0C6B00527F3D /* PageboyTests.swift */ = {isa = PBXFileReference; lastKnownFileType = sourcecode.swift; path = PageboyTests.swift; sourceTree = "<group>"; };
		D623B1C71E1D0C6B00527F3D /* Info.plist */ = {isa = PBXFileReference; lastKnownFileType = text.plist.xml; path = Info.plist; sourceTree = "<group>"; };
		D623B1D11E1D2DF200527F3D /* PageboyViewController.swift */ = {isa = PBXFileReference; fileEncoding = 4; lastKnownFileType = sourcecode.swift; path = PageboyViewController.swift; sourceTree = "<group>"; };
		D62436EA1E703D30006FF1A5 /* PageboyAutoScrollTests.swift */ = {isa = PBXFileReference; fileEncoding = 4; lastKnownFileType = sourcecode.swift; path = PageboyAutoScrollTests.swift; sourceTree = "<group>"; };
		D63A21501F2758D700FEA92D /* Pageboy.framework */ = {isa = PBXFileReference; explicitFileType = wrapper.framework; includeInIndex = 0; path = Pageboy.framework; sourceTree = BUILT_PRODUCTS_DIR; };
		D681E33E1E5477D3007C08F5 /* TestPageboyViewController.swift */ = {isa = PBXFileReference; fileEncoding = 4; lastKnownFileType = sourcecode.swift; path = TestPageboyViewController.swift; sourceTree = "<group>"; };
		D681E3401E5478E6007C08F5 /* TestPageChildViewController.swift */ = {isa = PBXFileReference; fileEncoding = 4; lastKnownFileType = sourcecode.swift; path = TestPageChildViewController.swift; sourceTree = "<group>"; };
		D681E3421E547901007C08F5 /* TestPageboyDataSource.swift */ = {isa = PBXFileReference; fileEncoding = 4; lastKnownFileType = sourcecode.swift; path = TestPageboyDataSource.swift; sourceTree = "<group>"; };
		D681E3441E548737007C08F5 /* PageboyDataSourceTests.swift */ = {isa = PBXFileReference; fileEncoding = 4; lastKnownFileType = sourcecode.swift; path = PageboyDataSourceTests.swift; sourceTree = "<group>"; };
		D681E3481E5489A1007C08F5 /* PageboyTransitionTests.swift */ = {isa = PBXFileReference; fileEncoding = 4; lastKnownFileType = sourcecode.swift; path = PageboyTransitionTests.swift; sourceTree = "<group>"; };
		D681E34A1E548C0E007C08F5 /* PageboyConfigurationTests.swift */ = {isa = PBXFileReference; fileEncoding = 4; lastKnownFileType = sourcecode.swift; path = PageboyConfigurationTests.swift; sourceTree = "<group>"; };
		D681E34C1E548D12007C08F5 /* TestPageboyDelegate.swift */ = {isa = PBXFileReference; fileEncoding = 4; lastKnownFileType = sourcecode.swift; path = TestPageboyDelegate.swift; sourceTree = "<group>"; };
		D69816B91E829043004096BA /* PageboyPropertyTests.swift */ = {isa = PBXFileReference; fileEncoding = 4; lastKnownFileType = sourcecode.swift; path = PageboyPropertyTests.swift; sourceTree = "<group>"; };
/* End PBXFileReference section */

/* Begin PBXFrameworksBuildPhase section */
		D623B1B31E1D0C6A00527F3D /* Frameworks */ = {
			isa = PBXFrameworksBuildPhase;
			buildActionMask = 2147483647;
			files = (
			);
			runOnlyForDeploymentPostprocessing = 0;
		};
		D623B1BD1E1D0C6B00527F3D /* Frameworks */ = {
			isa = PBXFrameworksBuildPhase;
			buildActionMask = 2147483647;
			files = (
				D623B1C11E1D0C6B00527F3D /* Pageboy.framework in Frameworks */,
			);
			runOnlyForDeploymentPostprocessing = 0;
		};
		D63A214C1F2758D700FEA92D /* Frameworks */ = {
			isa = PBXFrameworksBuildPhase;
			buildActionMask = 2147483647;
			files = (
			);
			runOnlyForDeploymentPostprocessing = 0;
		};
/* End PBXFrameworksBuildPhase section */

/* Begin PBXGroup section */
		462A65D82000FCAA0051C79C /* Extensions */ = {
			isa = PBXGroup;
			children = (
				462A65D92000FCAA0051C79C /* UIView+Localization.swift */,
				462A65DA2000FCAA0051C79C /* UIView+AutoLayout.swift */,
				462A65DB2000FCAA0051C79C /* UIApplication+SafeShared.swift */,
				462A65DC2000FCAA0051C79C /* UIPageViewController+ScrollView.swift */,
				461D6DF0201795A100E0CDEE /* UIScrollView+ScrollActivity.swift */,
				462D03DE2091D3AB0033C710 /* UIView+Animation.swift */,
				BB5277382211308B003695BB /* DispatchQueue+main.swift */,
			);
			path = Extensions;
			sourceTree = "<group>";
		};
		464ADF50209717E100929AFB /* Model */ = {
			isa = PBXGroup;
			children = (
				464ADF542097565D00929AFB /* Page.swift */,
				464ADF51209717EF00929AFB /* NavigationDirection.swift */,
			);
			path = Model;
			sourceTree = "<group>";
		};
		464ADF5720975E3D00929AFB /* Protocols */ = {
			isa = PBXGroup;
			children = (
				464ADF5820975E3D00929AFB /* PageboyViewControllerDelegate.swift */,
				464ADF5920975E3D00929AFB /* PageboyViewControllerDataSource.swift */,
			);
			path = Protocols;
			sourceTree = "<group>";
		};
		46ADAAB3208F7E1500974529 /* AutoScrolling */ = {
			isa = PBXGroup;
			children = (
				46ADAAB4208F7E1500974529 /* PageboyAutoScroller.swift */,
				46ADAAB5208F7E1500974529 /* PageboyViewController+AutoScrolling.swift */,
			);
			path = AutoScrolling;
			sourceTree = "<group>";
		};
		46ADAABA208F7E8500974529 /* Transitioning */ = {
			isa = PBXGroup;
			children = (
				46ADAABB208F7E8500974529 /* PageboyViewController+Transitioning.swift */,
				46ADAABC208F7E8500974529 /* TransitionOperation+Action.swift */,
				46ADAABD208F7E8500974529 /* TransitionOperation.swift */,
			);
			path = Transitioning;
			sourceTree = "<group>";
		};
		D623B1AD1E1D0C6A00527F3D = {
			isa = PBXGroup;
			children = (
				D623B1B91E1D0C6A00527F3D /* Pageboy */,
				D623B1C41E1D0C6B00527F3D /* PageboyTests */,
				D623B1B81E1D0C6A00527F3D /* Products */,
			);
			sourceTree = "<group>";
		};
		D623B1B81E1D0C6A00527F3D /* Products */ = {
			isa = PBXGroup;
			children = (
				D623B1B71E1D0C6A00527F3D /* Pageboy.framework */,
				D623B1C01E1D0C6B00527F3D /* PageboyTests.xctest */,
				D63A21501F2758D700FEA92D /* Pageboy.framework */,
			);
			name = Products;
			sourceTree = "<group>";
		};
		D623B1B91E1D0C6A00527F3D /* Pageboy */ = {
			isa = PBXGroup;
			children = (
				D623B1BA1E1D0C6A00527F3D /* Pageboy.h */,
				D623B1D11E1D2DF200527F3D /* PageboyViewController.swift */,
				46ADAAC7208F7EB200974529 /* PageboyViewController+Management.swift */,
				46ADAAC6208F7EB100974529 /* PageboyViewController+ScrollDetection.swift */,
				46B7BD7D21791E2D0041EFFC /* PageboyViewController+ScrollCalculations.swift */,
				46ADAAC4208F7EB100974529 /* PageboyViewController+Updating.swift */,
				464ADF5E20975E5000929AFB /* UIViewController+Pageboy.swift */,
				464ADF5720975E3D00929AFB /* Protocols */,
				464ADF50209717E100929AFB /* Model */,
				46ADAAB3208F7E1500974529 /* AutoScrolling */,
				46ADAABA208F7E8500974529 /* Transitioning */,
				D6ECCEC01E51AFDB00E9D5B3 /* Utilities */,
				D681E34E1E5492D2007C08F5 /* Resources */,
			);
			path = Pageboy;
			sourceTree = "<group>";
		};
		D623B1C41E1D0C6B00527F3D /* PageboyTests */ = {
			isa = PBXGroup;
			children = (
				D623B1C51E1D0C6B00527F3D /* PageboyTests.swift */,
				D69816B91E829043004096BA /* PageboyPropertyTests.swift */,
				D681E3441E548737007C08F5 /* PageboyDataSourceTests.swift */,
				D681E3481E5489A1007C08F5 /* PageboyTransitionTests.swift */,
				D681E34A1E548C0E007C08F5 /* PageboyConfigurationTests.swift */,
				D62436EA1E703D30006FF1A5 /* PageboyAutoScrollTests.swift */,
				46C5D36D219B5B5000EACABD /* PageboyInsertionTests.swift */,
				D681E33D1E5477C2007C08F5 /* TestComponents */,
				D623B1C71E1D0C6B00527F3D /* Info.plist */,
			);
			path = PageboyTests;
			sourceTree = "<group>";
		};
		D681E33D1E5477C2007C08F5 /* TestComponents */ = {
			isa = PBXGroup;
			children = (
				D681E34C1E548D12007C08F5 /* TestPageboyDelegate.swift */,
				D681E3421E547901007C08F5 /* TestPageboyDataSource.swift */,
				D681E33E1E5477D3007C08F5 /* TestPageboyViewController.swift */,
				D681E3401E5478E6007C08F5 /* TestPageChildViewController.swift */,
			);
			path = TestComponents;
			sourceTree = "<group>";
		};
		D681E34E1E5492D2007C08F5 /* Resources */ = {
			isa = PBXGroup;
			children = (
				D623B1BB1E1D0C6A00527F3D /* Info.plist */,
			);
			name = Resources;
			sourceTree = "<group>";
		};
		D6ECCEC01E51AFDB00E9D5B3 /* Utilities */ = {
			isa = PBXGroup;
			children = (
				462A65D82000FCAA0051C79C /* Extensions */,
			);
			path = Utilities;
			sourceTree = "<group>";
		};
/* End PBXGroup section */

/* Begin PBXHeadersBuildPhase section */
		D623B1B41E1D0C6A00527F3D /* Headers */ = {
			isa = PBXHeadersBuildPhase;
			buildActionMask = 2147483647;
			files = (
				D623B1C81E1D0C6B00527F3D /* Pageboy.h in Headers */,
			);
			runOnlyForDeploymentPostprocessing = 0;
		};
		D63A214D1F2758D700FEA92D /* Headers */ = {
			isa = PBXHeadersBuildPhase;
			buildActionMask = 2147483647;
			files = (
			);
			runOnlyForDeploymentPostprocessing = 0;
		};
/* End PBXHeadersBuildPhase section */

/* Begin PBXNativeTarget section */
		D623B1B61E1D0C6A00527F3D /* Pageboy iOS */ = {
			isa = PBXNativeTarget;
			buildConfigurationList = D623B1CB1E1D0C6B00527F3D /* Build configuration list for PBXNativeTarget "Pageboy iOS" */;
			buildPhases = (
				466C4B572017848E00C3E69C /* Swift Lint */,
				D623B1B21E1D0C6A00527F3D /* Sources */,
				D623B1B31E1D0C6A00527F3D /* Frameworks */,
				D623B1B41E1D0C6A00527F3D /* Headers */,
				D623B1B51E1D0C6A00527F3D /* Resources */,
				D681E3391E54729C007C08F5 /* Increment Build Number */,
			);
			buildRules = (
			);
			dependencies = (
			);
			name = "Pageboy iOS";
			productName = Pageboy;
			productReference = D623B1B71E1D0C6A00527F3D /* Pageboy.framework */;
			productType = "com.apple.product-type.framework";
		};
		D623B1BF1E1D0C6B00527F3D /* PageboyTests */ = {
			isa = PBXNativeTarget;
			buildConfigurationList = D623B1CE1E1D0C6B00527F3D /* Build configuration list for PBXNativeTarget "PageboyTests" */;
			buildPhases = (
				D623B1BC1E1D0C6B00527F3D /* Sources */,
				D623B1BD1E1D0C6B00527F3D /* Frameworks */,
				D623B1BE1E1D0C6B00527F3D /* Resources */,
			);
			buildRules = (
			);
			dependencies = (
				D623B1C31E1D0C6B00527F3D /* PBXTargetDependency */,
			);
			name = PageboyTests;
			productName = PageboyTests;
			productReference = D623B1C01E1D0C6B00527F3D /* PageboyTests.xctest */;
			productType = "com.apple.product-type.bundle.unit-test";
		};
		D63A214F1F2758D700FEA92D /* Pageboy tvOS */ = {
			isa = PBXNativeTarget;
			buildConfigurationList = D63A21551F2758D700FEA92D /* Build configuration list for PBXNativeTarget "Pageboy tvOS" */;
			buildPhases = (
				461BE5C02020B8CA0049A8C8 /* Swift Lint */,
				D63A214B1F2758D700FEA92D /* Sources */,
				D63A214C1F2758D700FEA92D /* Frameworks */,
				D63A214D1F2758D700FEA92D /* Headers */,
				D63A214E1F2758D700FEA92D /* Resources */,
			);
			buildRules = (
			);
			dependencies = (
			);
			name = "Pageboy tvOS";
			productName = Pageboy;
			productReference = D63A21501F2758D700FEA92D /* Pageboy.framework */;
			productType = "com.apple.product-type.framework";
		};
/* End PBXNativeTarget section */

/* Begin PBXProject section */
		D623B1AE1E1D0C6A00527F3D /* Project object */ = {
			isa = PBXProject;
			attributes = {
				LastSwiftUpdateCheck = 0940;
				LastUpgradeCheck = 1000;
				ORGANIZATIONNAME = "UI At Six";
				TargetAttributes = {
					D623B1B61E1D0C6A00527F3D = {
						CreatedOnToolsVersion = 8.2;
						LastSwiftMigration = 1000;
						ProvisioningStyle = Automatic;
					};
					D623B1BF1E1D0C6B00527F3D = {
						CreatedOnToolsVersion = 8.2;
						LastSwiftMigration = 0900;
						ProvisioningStyle = Automatic;
					};
					D63A214F1F2758D700FEA92D = {
						CreatedOnToolsVersion = 8.3.3;
						ProvisioningStyle = Automatic;
					};
				};
			};
			buildConfigurationList = D623B1B11E1D0C6A00527F3D /* Build configuration list for PBXProject "Pageboy" */;
			compatibilityVersion = "Xcode 3.2";
			developmentRegion = English;
			hasScannedForEncodings = 0;
			knownRegions = (
				en,
				Base,
			);
			mainGroup = D623B1AD1E1D0C6A00527F3D;
			productRefGroup = D623B1B81E1D0C6A00527F3D /* Products */;
			projectDirPath = "";
			projectRoot = "";
			targets = (
				D623B1B61E1D0C6A00527F3D /* Pageboy iOS */,
				D63A214F1F2758D700FEA92D /* Pageboy tvOS */,
				D623B1BF1E1D0C6B00527F3D /* PageboyTests */,
			);
		};
/* End PBXProject section */

/* Begin PBXResourcesBuildPhase section */
		D623B1B51E1D0C6A00527F3D /* Resources */ = {
			isa = PBXResourcesBuildPhase;
			buildActionMask = 2147483647;
			files = (
			);
			runOnlyForDeploymentPostprocessing = 0;
		};
		D623B1BE1E1D0C6B00527F3D /* Resources */ = {
			isa = PBXResourcesBuildPhase;
			buildActionMask = 2147483647;
			files = (
			);
			runOnlyForDeploymentPostprocessing = 0;
		};
		D63A214E1F2758D700FEA92D /* Resources */ = {
			isa = PBXResourcesBuildPhase;
			buildActionMask = 2147483647;
			files = (
			);
			runOnlyForDeploymentPostprocessing = 0;
		};
/* End PBXResourcesBuildPhase section */

/* Begin PBXShellScriptBuildPhase section */
		461BE5C02020B8CA0049A8C8 /* Swift Lint */ = {
			isa = PBXShellScriptBuildPhase;
			buildActionMask = 2147483647;
			files = (
			);
			inputPaths = (
			);
			name = "Swift Lint";
			outputPaths = (
			);
			runOnlyForDeploymentPostprocessing = 0;
			shellPath = /bin/sh;
			shellScript = "if which swiftlint >/dev/null; then\n    swiftlint\nfi\n";
		};
		466C4B572017848E00C3E69C /* Swift Lint */ = {
			isa = PBXShellScriptBuildPhase;
			buildActionMask = 2147483647;
			files = (
			);
			inputPaths = (
			);
			name = "Swift Lint";
			outputPaths = (
			);
			runOnlyForDeploymentPostprocessing = 0;
			shellPath = /bin/sh;
			shellScript = "if which swiftlint >/dev/null; then\n    swiftlint\nfi\n";
		};
		D681E3391E54729C007C08F5 /* Increment Build Number */ = {
			isa = PBXShellScriptBuildPhase;
			buildActionMask = 2147483647;
			files = (
			);
			inputPaths = (
			);
			name = "Increment Build Number";
			outputPaths = (
			);
			runOnlyForDeploymentPostprocessing = 0;
			shellPath = /bin/sh;
			shellScript = "git=`sh /etc/profile; which git`\nappBuild=`\"$git\" rev-list HEAD --count`\n\n/usr/libexec/PlistBuddy -c \"Set :CFBundleVersion $appBuild\" \"${TARGET_BUILD_DIR}/${INFOPLIST_PATH}\"\n\necho \"Incremented the build number ${TARGET_BUILD_DIR}/${INFOPLIST_PATH}\"";
		};
/* End PBXShellScriptBuildPhase section */

/* Begin PBXSourcesBuildPhase section */
		D623B1B21E1D0C6A00527F3D /* Sources */ = {
			isa = PBXSourcesBuildPhase;
			buildActionMask = 2147483647;
			files = (
				D623B1D21E1D2DF200527F3D /* PageboyViewController.swift in Sources */,
				46ADAAC0208F7E8500974529 /* TransitionOperation+Action.swift in Sources */,
				46ADAACC208F7EB200974529 /* PageboyViewController+ScrollDetection.swift in Sources */,
				46B7BD7E21791E2D0041EFFC /* PageboyViewController+ScrollCalculations.swift in Sources */,
				46ADAABE208F7E8500974529 /* PageboyViewController+Transitioning.swift in Sources */,
				464ADF52209717EF00929AFB /* NavigationDirection.swift in Sources */,
				46ADAACE208F7EB200974529 /* PageboyViewController+Management.swift in Sources */,
				464ADF5F20975E5000929AFB /* UIViewController+Pageboy.swift in Sources */,
				46ADAAB6208F7E1500974529 /* PageboyAutoScroller.swift in Sources */,
				464ADF552097565D00929AFB /* Page.swift in Sources */,
				46ADAAB8208F7E1500974529 /* PageboyViewController+AutoScrolling.swift in Sources */,
				462A65E32000FCAA0051C79C /* UIPageViewController+ScrollView.swift in Sources */,
				46ADAAC2208F7E8500974529 /* TransitionOperation.swift in Sources */,
				461D6DF1201795A100E0CDEE /* UIScrollView+ScrollActivity.swift in Sources */,
				462A65DF2000FCAA0051C79C /* UIView+AutoLayout.swift in Sources */,
				46ADAAC8208F7EB200974529 /* PageboyViewController+Updating.swift in Sources */,
				BB5277392211308B003695BB /* DispatchQueue+main.swift in Sources */,
				462D03DF2091D3AB0033C710 /* UIView+Animation.swift in Sources */,
				462A65E12000FCAA0051C79C /* UIApplication+SafeShared.swift in Sources */,
				464ADF5C20975E3D00929AFB /* PageboyViewControllerDataSource.swift in Sources */,
				462A65DD2000FCAA0051C79C /* UIView+Localization.swift in Sources */,
				464ADF5A20975E3D00929AFB /* PageboyViewControllerDelegate.swift in Sources */,
			);
			runOnlyForDeploymentPostprocessing = 0;
		};
		D623B1BC1E1D0C6B00527F3D /* Sources */ = {
			isa = PBXSourcesBuildPhase;
			buildActionMask = 2147483647;
			files = (
				46C5D36E219B5B5000EACABD /* PageboyInsertionTests.swift in Sources */,
				D69816BA1E829043004096BA /* PageboyPropertyTests.swift in Sources */,
				D681E34B1E548C0E007C08F5 /* PageboyConfigurationTests.swift in Sources */,
				D681E3491E5489A1007C08F5 /* PageboyTransitionTests.swift in Sources */,
				D62436EB1E703D30006FF1A5 /* PageboyAutoScrollTests.swift in Sources */,
				D681E3451E548737007C08F5 /* PageboyDataSourceTests.swift in Sources */,
				D681E3431E547901007C08F5 /* TestPageboyDataSource.swift in Sources */,
				D681E33F1E5477D3007C08F5 /* TestPageboyViewController.swift in Sources */,
				D623B1C61E1D0C6B00527F3D /* PageboyTests.swift in Sources */,
				D681E34D1E548D12007C08F5 /* TestPageboyDelegate.swift in Sources */,
				D681E3411E5478E6007C08F5 /* TestPageChildViewController.swift in Sources */,
			);
			runOnlyForDeploymentPostprocessing = 0;
		};
		D63A214B1F2758D700FEA92D /* Sources */ = {
			isa = PBXSourcesBuildPhase;
			buildActionMask = 2147483647;
			files = (
				466A76B61FB38B32000B5C1C /* PageboyViewController.swift in Sources */,
				46ADAAC1208F7E8500974529 /* TransitionOperation+Action.swift in Sources */,
				46ADAACD208F7EB200974529 /* PageboyViewController+ScrollDetection.swift in Sources */,
				46ADAABF208F7E8500974529 /* PageboyViewController+Transitioning.swift in Sources */,
				464ADF53209717EF00929AFB /* NavigationDirection.swift in Sources */,
				46ADAACF208F7EB200974529 /* PageboyViewController+Management.swift in Sources */,
				464ADF6020975E5000929AFB /* UIViewController+Pageboy.swift in Sources */,
				46ADAAB7208F7E1500974529 /* PageboyAutoScroller.swift in Sources */,
				464ADF562097565D00929AFB /* Page.swift in Sources */,
				46ADAAB9208F7E1500974529 /* PageboyViewController+AutoScrolling.swift in Sources */,
				462A65E42000FCAA0051C79C /* UIPageViewController+ScrollView.swift in Sources */,
				461D6DF2201795A100E0CDEE /* UIScrollView+ScrollActivity.swift in Sources */,
				46ADAAC3208F7E8500974529 /* TransitionOperation.swift in Sources */,
				462A65E02000FCAA0051C79C /* UIView+AutoLayout.swift in Sources */,
				46ADAAC9208F7EB200974529 /* PageboyViewController+Updating.swift in Sources */,
				BB52773A2211308B003695BB /* DispatchQueue+main.swift in Sources */,
				462D03E02091D3AB0033C710 /* UIView+Animation.swift in Sources */,
				462A65E22000FCAA0051C79C /* UIApplication+SafeShared.swift in Sources */,
				464ADF5D20975E3D00929AFB /* PageboyViewControllerDataSource.swift in Sources */,
				462A65DE2000FCAA0051C79C /* UIView+Localization.swift in Sources */,
				464ADF5B20975E3D00929AFB /* PageboyViewControllerDelegate.swift in Sources */,
			);
			runOnlyForDeploymentPostprocessing = 0;
		};
/* End PBXSourcesBuildPhase section */

/* Begin PBXTargetDependency section */
		D623B1C31E1D0C6B00527F3D /* PBXTargetDependency */ = {
			isa = PBXTargetDependency;
			target = D623B1B61E1D0C6A00527F3D /* Pageboy iOS */;
			targetProxy = D623B1C21E1D0C6B00527F3D /* PBXContainerItemProxy */;
		};
/* End PBXTargetDependency section */

/* Begin XCBuildConfiguration section */
		D623B1C91E1D0C6B00527F3D /* Debug */ = {
			isa = XCBuildConfiguration;
			buildSettings = {
				ALWAYS_SEARCH_USER_PATHS = NO;
				APPLICATION_EXTENSION_API_ONLY = YES;
				CLANG_ANALYZER_NONNULL = YES;
				CLANG_CXX_LANGUAGE_STANDARD = "gnu++0x";
				CLANG_CXX_LIBRARY = "libc++";
				CLANG_ENABLE_MODULES = YES;
				CLANG_ENABLE_OBJC_ARC = YES;
				CLANG_WARN_BLOCK_CAPTURE_AUTORELEASING = YES;
				CLANG_WARN_BOOL_CONVERSION = YES;
				CLANG_WARN_COMMA = YES;
				CLANG_WARN_CONSTANT_CONVERSION = YES;
				CLANG_WARN_DEPRECATED_OBJC_IMPLEMENTATIONS = YES;
				CLANG_WARN_DIRECT_OBJC_ISA_USAGE = YES_ERROR;
				CLANG_WARN_DOCUMENTATION_COMMENTS = YES;
				CLANG_WARN_EMPTY_BODY = YES;
				CLANG_WARN_ENUM_CONVERSION = YES;
				CLANG_WARN_INFINITE_RECURSION = YES;
				CLANG_WARN_INT_CONVERSION = YES;
				CLANG_WARN_NON_LITERAL_NULL_CONVERSION = YES;
				CLANG_WARN_OBJC_IMPLICIT_RETAIN_SELF = YES;
				CLANG_WARN_OBJC_LITERAL_CONVERSION = YES;
				CLANG_WARN_OBJC_ROOT_CLASS = YES_ERROR;
				CLANG_WARN_RANGE_LOOP_ANALYSIS = YES;
				CLANG_WARN_STRICT_PROTOTYPES = YES;
				CLANG_WARN_SUSPICIOUS_MOVE = YES;
				CLANG_WARN_UNREACHABLE_CODE = YES;
				CLANG_WARN__DUPLICATE_METHOD_MATCH = YES;
				"CODE_SIGN_IDENTITY[sdk=iphoneos*]" = "iPhone Developer";
				COPY_PHASE_STRIP = NO;
				CURRENT_PROJECT_VERSION = 1;
				DEBUG_INFORMATION_FORMAT = dwarf;
				ENABLE_STRICT_OBJC_MSGSEND = YES;
				ENABLE_TESTABILITY = YES;
				GCC_C_LANGUAGE_STANDARD = gnu99;
				GCC_DYNAMIC_NO_PIC = NO;
				GCC_NO_COMMON_BLOCKS = YES;
				GCC_OPTIMIZATION_LEVEL = 0;
				GCC_PREPROCESSOR_DEFINITIONS = (
					"DEBUG=1",
					"$(inherited)",
				);
				GCC_WARN_64_TO_32_BIT_CONVERSION = YES;
				GCC_WARN_ABOUT_RETURN_TYPE = YES_ERROR;
				GCC_WARN_UNDECLARED_SELECTOR = YES;
				GCC_WARN_UNINITIALIZED_AUTOS = YES_AGGRESSIVE;
				GCC_WARN_UNUSED_FUNCTION = YES;
				GCC_WARN_UNUSED_VARIABLE = YES;
				IPHONEOS_DEPLOYMENT_TARGET = 9.0;
				MTL_ENABLE_DEBUG_INFO = YES;
				ONLY_ACTIVE_ARCH = YES;
				SDKROOT = iphoneos;
				SWIFT_ACTIVE_COMPILATION_CONDITIONS = DEBUG;
				SWIFT_OPTIMIZATION_LEVEL = "-Onone";
				SWIFT_VERSION = 4.2;
				TARGETED_DEVICE_FAMILY = "1,2";
				VERSIONING_SYSTEM = "apple-generic";
				VERSION_INFO_PREFIX = "";
			};
			name = Debug;
		};
		D623B1CA1E1D0C6B00527F3D /* Release */ = {
			isa = XCBuildConfiguration;
			buildSettings = {
				ALWAYS_SEARCH_USER_PATHS = NO;
				APPLICATION_EXTENSION_API_ONLY = YES;
				CLANG_ANALYZER_NONNULL = YES;
				CLANG_CXX_LANGUAGE_STANDARD = "gnu++0x";
				CLANG_CXX_LIBRARY = "libc++";
				CLANG_ENABLE_MODULES = YES;
				CLANG_ENABLE_OBJC_ARC = YES;
				CLANG_WARN_BLOCK_CAPTURE_AUTORELEASING = YES;
				CLANG_WARN_BOOL_CONVERSION = YES;
				CLANG_WARN_COMMA = YES;
				CLANG_WARN_CONSTANT_CONVERSION = YES;
				CLANG_WARN_DEPRECATED_OBJC_IMPLEMENTATIONS = YES;
				CLANG_WARN_DIRECT_OBJC_ISA_USAGE = YES_ERROR;
				CLANG_WARN_DOCUMENTATION_COMMENTS = YES;
				CLANG_WARN_EMPTY_BODY = YES;
				CLANG_WARN_ENUM_CONVERSION = YES;
				CLANG_WARN_INFINITE_RECURSION = YES;
				CLANG_WARN_INT_CONVERSION = YES;
				CLANG_WARN_NON_LITERAL_NULL_CONVERSION = YES;
				CLANG_WARN_OBJC_IMPLICIT_RETAIN_SELF = YES;
				CLANG_WARN_OBJC_LITERAL_CONVERSION = YES;
				CLANG_WARN_OBJC_ROOT_CLASS = YES_ERROR;
				CLANG_WARN_RANGE_LOOP_ANALYSIS = YES;
				CLANG_WARN_STRICT_PROTOTYPES = YES;
				CLANG_WARN_SUSPICIOUS_MOVE = YES;
				CLANG_WARN_UNREACHABLE_CODE = YES;
				CLANG_WARN__DUPLICATE_METHOD_MATCH = YES;
				"CODE_SIGN_IDENTITY[sdk=iphoneos*]" = "iPhone Developer";
				COPY_PHASE_STRIP = NO;
				CURRENT_PROJECT_VERSION = 1;
				DEBUG_INFORMATION_FORMAT = "dwarf-with-dsym";
				ENABLE_NS_ASSERTIONS = NO;
				ENABLE_STRICT_OBJC_MSGSEND = YES;
				GCC_C_LANGUAGE_STANDARD = gnu99;
				GCC_NO_COMMON_BLOCKS = YES;
				GCC_WARN_64_TO_32_BIT_CONVERSION = YES;
				GCC_WARN_ABOUT_RETURN_TYPE = YES_ERROR;
				GCC_WARN_UNDECLARED_SELECTOR = YES;
				GCC_WARN_UNINITIALIZED_AUTOS = YES_AGGRESSIVE;
				GCC_WARN_UNUSED_FUNCTION = YES;
				GCC_WARN_UNUSED_VARIABLE = YES;
				IPHONEOS_DEPLOYMENT_TARGET = 9.0;
				MTL_ENABLE_DEBUG_INFO = NO;
				SDKROOT = iphoneos;
				SWIFT_OPTIMIZATION_LEVEL = "-Owholemodule";
				SWIFT_VERSION = 4.2;
				TARGETED_DEVICE_FAMILY = "1,2";
				VALIDATE_PRODUCT = YES;
				VERSIONING_SYSTEM = "apple-generic";
				VERSION_INFO_PREFIX = "";
			};
			name = Release;
		};
		D623B1CC1E1D0C6B00527F3D /* Debug */ = {
			isa = XCBuildConfiguration;
			buildSettings = {
				CLANG_ENABLE_MODULES = YES;
				CODE_SIGN_IDENTITY = "";
				DEFINES_MODULE = YES;
				DYLIB_COMPATIBILITY_VERSION = 1;
				DYLIB_INSTALL_NAME_BASE = "@rpath";
				INFOPLIST_FILE = Pageboy/Info.plist;
				INSTALL_PATH = "$(LOCAL_LIBRARY_DIR)/Frameworks";
				LD_RUNPATH_SEARCH_PATHS = "$(inherited) @executable_path/Frameworks @loader_path/Frameworks";
				PRODUCT_BUNDLE_IDENTIFIER = com.uias.Pageboy;
				PRODUCT_NAME = Pageboy;
				SKIP_INSTALL = YES;
				SWIFT_OPTIMIZATION_LEVEL = "-Onone";
			};
			name = Debug;
		};
		D623B1CD1E1D0C6B00527F3D /* Release */ = {
			isa = XCBuildConfiguration;
			buildSettings = {
				CLANG_ENABLE_MODULES = YES;
				CODE_SIGN_IDENTITY = "";
				DEFINES_MODULE = YES;
				DYLIB_COMPATIBILITY_VERSION = 1;
				DYLIB_INSTALL_NAME_BASE = "@rpath";
				INFOPLIST_FILE = Pageboy/Info.plist;
				INSTALL_PATH = "$(LOCAL_LIBRARY_DIR)/Frameworks";
				LD_RUNPATH_SEARCH_PATHS = "$(inherited) @executable_path/Frameworks @loader_path/Frameworks";
				PRODUCT_BUNDLE_IDENTIFIER = com.uias.Pageboy;
				PRODUCT_NAME = Pageboy;
				SKIP_INSTALL = YES;
			};
			name = Release;
		};
		D623B1CF1E1D0C6B00527F3D /* Debug */ = {
			isa = XCBuildConfiguration;
			buildSettings = {
				ALWAYS_EMBED_SWIFT_STANDARD_LIBRARIES = YES;
				APPLICATION_EXTENSION_API_ONLY = NO;
				INFOPLIST_FILE = PageboyTests/Info.plist;
				LD_RUNPATH_SEARCH_PATHS = "$(inherited) @executable_path/Frameworks @loader_path/Frameworks";
				PRODUCT_BUNDLE_IDENTIFIER = com.msapsford.PageboyTests;
				PRODUCT_NAME = "$(TARGET_NAME)";
			};
			name = Debug;
		};
		D623B1D01E1D0C6B00527F3D /* Release */ = {
			isa = XCBuildConfiguration;
			buildSettings = {
				ALWAYS_EMBED_SWIFT_STANDARD_LIBRARIES = YES;
				APPLICATION_EXTENSION_API_ONLY = NO;
				INFOPLIST_FILE = PageboyTests/Info.plist;
				LD_RUNPATH_SEARCH_PATHS = "$(inherited) @executable_path/Frameworks @loader_path/Frameworks";
				PRODUCT_BUNDLE_IDENTIFIER = com.msapsford.PageboyTests;
				PRODUCT_NAME = "$(TARGET_NAME)";
			};
			name = Release;
		};
		D63A21561F2758D700FEA92D /* Debug */ = {
			isa = XCBuildConfiguration;
			buildSettings = {
				CLANG_ANALYZER_NUMBER_OBJECT_CONVERSION = YES_AGGRESSIVE;
				CODE_SIGN_IDENTITY = "";
				DEFINES_MODULE = YES;
				DYLIB_COMPATIBILITY_VERSION = 1;
				DYLIB_INSTALL_NAME_BASE = "@rpath";
				INFOPLIST_FILE = Pageboy/Info.plist;
				INSTALL_PATH = "$(LOCAL_LIBRARY_DIR)/Frameworks";
				LD_RUNPATH_SEARCH_PATHS = "$(inherited) @executable_path/Frameworks @loader_path/Frameworks";
				PRODUCT_BUNDLE_IDENTIFIER = com.uias.Pageboy;
				PRODUCT_NAME = Pageboy;
				SDKROOT = appletvos;
				SKIP_INSTALL = YES;
				TARGETED_DEVICE_FAMILY = 3;
				TVOS_DEPLOYMENT_TARGET = 10.0;
			};
			name = Debug;
		};
		D63A21571F2758D700FEA92D /* Release */ = {
			isa = XCBuildConfiguration;
			buildSettings = {
				CLANG_ANALYZER_NUMBER_OBJECT_CONVERSION = YES_AGGRESSIVE;
				CODE_SIGN_IDENTITY = "";
				DEFINES_MODULE = YES;
				DYLIB_COMPATIBILITY_VERSION = 1;
				DYLIB_INSTALL_NAME_BASE = "@rpath";
				INFOPLIST_FILE = Pageboy/Info.plist;
				INSTALL_PATH = "$(LOCAL_LIBRARY_DIR)/Frameworks";
				LD_RUNPATH_SEARCH_PATHS = "$(inherited) @executable_path/Frameworks @loader_path/Frameworks";
				PRODUCT_BUNDLE_IDENTIFIER = com.uias.Pageboy;
				PRODUCT_NAME = Pageboy;
				SDKROOT = appletvos;
				SKIP_INSTALL = YES;
				TARGETED_DEVICE_FAMILY = 3;
				TVOS_DEPLOYMENT_TARGET = 10.0;
			};
			name = Release;
		};
/* End XCBuildConfiguration section */

/* Begin XCConfigurationList section */
		D623B1B11E1D0C6A00527F3D /* Build configuration list for PBXProject "Pageboy" */ = {
			isa = XCConfigurationList;
			buildConfigurations = (
				D623B1C91E1D0C6B00527F3D /* Debug */,
				D623B1CA1E1D0C6B00527F3D /* Release */,
			);
			defaultConfigurationIsVisible = 0;
			defaultConfigurationName = Release;
		};
		D623B1CB1E1D0C6B00527F3D /* Build configuration list for PBXNativeTarget "Pageboy iOS" */ = {
			isa = XCConfigurationList;
			buildConfigurations = (
				D623B1CC1E1D0C6B00527F3D /* Debug */,
				D623B1CD1E1D0C6B00527F3D /* Release */,
			);
			defaultConfigurationIsVisible = 0;
			defaultConfigurationName = Release;
		};
		D623B1CE1E1D0C6B00527F3D /* Build configuration list for PBXNativeTarget "PageboyTests" */ = {
			isa = XCConfigurationList;
			buildConfigurations = (
				D623B1CF1E1D0C6B00527F3D /* Debug */,
				D623B1D01E1D0C6B00527F3D /* Release */,
			);
			defaultConfigurationIsVisible = 0;
			defaultConfigurationName = Release;
		};
		D63A21551F2758D700FEA92D /* Build configuration list for PBXNativeTarget "Pageboy tvOS" */ = {
			isa = XCConfigurationList;
			buildConfigurations = (
				D63A21561F2758D700FEA92D /* Debug */,
				D63A21571F2758D700FEA92D /* Release */,
			);
			defaultConfigurationIsVisible = 0;
			defaultConfigurationName = Release;
		};
/* End XCConfigurationList section */
	};
	rootObject = D623B1AE1E1D0C6A00527F3D /* Project object */;
}
