// !$*UTF8*$!
{
	archiveVersion = 1;
	classes = {
	};
	objectVersion = 50;
	objects = {

/* Begin PBXBuildFile section */
		46B7BD552178D5250041EFFC /* AppDelegate.swift in Sources */ = {isa = PBXBuildFile; fileRef = 46B7BD542178D5250041EFFC /* AppDelegate.swift */; };
		46B7BD572178D5250041EFFC /* ViewController.swift in Sources */ = {isa = PBXBuildFile; fileRef = 46B7BD562178D5250041EFFC /* ViewController.swift */; };
		46B7BD5A2178D5250041EFFC /* Main.storyboard in Resources */ = {isa = PBXBuildFile; fileRef = 46B7BD582178D5250041EFFC /* Main.storyboard */; };
		46B7BD5C2178D5260041EFFC /* Assets.xcassets in Resources */ = {isa = PBXBuildFile; fileRef = 46B7BD5B2178D5260041EFFC /* Assets.xcassets */; };
		46B7BD5F2178D5260041EFFC /* LaunchScreen.storyboard in Resources */ = {isa = PBXBuildFile; fileRef = 46B7BD5D2178D5260041EFFC /* LaunchScreen.storyboard */; };
		46B7BD672178D5420041EFFC /* Pageboy.framework in Frameworks */ = {isa = PBXBuildFile; fileRef = 46B7BD662178D5420041EFFC /* Pageboy.framework */; };
		46B7BD682178D5420041EFFC /* Pageboy.framework in Embed Frameworks */ = {isa = PBXBuildFile; fileRef = 46B7BD662178D5420041EFFC /* Pageboy.framework */; settings = {ATTRIBUTES = (CodeSignOnCopy, RemoveHeadersOnCopy, ); }; };
/* End PBXBuildFile section */

/* Begin PBXCopyFilesBuildPhase section */
		46B7BD692178D5420041EFFC /* Embed Frameworks */ = {
			isa = PBXCopyFilesBuildPhase;
			buildActionMask = 2147483647;
			dstPath = "";
			dstSubfolderSpec = 10;
			files = (
				46B7BD682178D5420041EFFC /* Pageboy.framework in Embed Frameworks */,
			);
			name = "Embed Frameworks";
			runOnlyForDeploymentPostprocessing = 0;
		};
/* End PBXCopyFilesBuildPhase section */

/* Begin PBXFileReference section */
		46B7BD512178D5250041EFFC /* PageboyLiteDemo.app */ = {isa = PBXFileReference; explicitFileType = wrapper.application; includeInIndex = 0; path = PageboyLiteDemo.app; sourceTree = BUILT_PRODUCTS_DIR; };
		46B7BD542178D5250041EFFC /* AppDelegate.swift */ = {isa = PBXFileReference; lastKnownFileType = sourcecode.swift; path = AppDelegate.swift; sourceTree = "<group>"; };
		46B7BD562178D5250041EFFC /* ViewController.swift */ = {isa = PBXFileReference; lastKnownFileType = sourcecode.swift; path = ViewController.swift; sourceTree = "<group>"; };
		46B7BD592178D5250041EFFC /* Base */ = {isa = PBXFileReference; lastKnownFileType = file.storyboard; name = Base; path = Base.lproj/Main.storyboard; sourceTree = "<group>"; };
		46B7BD5B2178D5260041EFFC /* Assets.xcassets */ = {isa = PBXFileReference; lastKnownFileType = folder.assetcatalog; path = Assets.xcassets; sourceTree = "<group>"; };
		46B7BD5E2178D5260041EFFC /* Base */ = {isa = PBXFileReference; lastKnownFileType = file.storyboard; name = Base; path = Base.lproj/LaunchScreen.storyboard; sourceTree = "<group>"; };
		46B7BD602178D5260041EFFC /* Info.plist */ = {isa = PBXFileReference; lastKnownFileType = text.plist.xml; path = Info.plist; sourceTree = "<group>"; };
		46B7BD662178D5420041EFFC /* Pageboy.framework */ = {isa = PBXFileReference; explicitFileType = wrapper.framework; path = Pageboy.framework; sourceTree = BUILT_PRODUCTS_DIR; };
/* End PBXFileReference section */

/* Begin PBXFrameworksBuildPhase section */
		46B7BD4E2178D5250041EFFC /* Frameworks */ = {
			isa = PBXFrameworksBuildPhase;
			buildActionMask = 2147483647;
			files = (
				46B7BD672178D5420041EFFC /* Pageboy.framework in Frameworks */,
			);
			runOnlyForDeploymentPostprocessing = 0;
		};
/* End PBXFrameworksBuildPhase section */

/* Begin PBXGroup section */
		46B7BD482178D5250041EFFC = {
			isa = PBXGroup;
			children = (
				46B7BD662178D5420041EFFC /* Pageboy.framework */,
				46B7BD532178D5250041EFFC /* PageboyLiteDemo */,
				46B7BD522178D5250041EFFC /* Products */,
			);
			sourceTree = "<group>";
		};
		46B7BD522178D5250041EFFC /* Products */ = {
			isa = PBXGroup;
			children = (
				46B7BD512178D5250041EFFC /* PageboyLiteDemo.app */,
			);
			name = Products;
			sourceTree = "<group>";
		};
		46B7BD532178D5250041EFFC /* PageboyLiteDemo */ = {
			isa = PBXGroup;
			children = (
				46B7BD542178D5250041EFFC /* AppDelegate.swift */,
				46B7BD562178D5250041EFFC /* ViewController.swift */,
				46B7BD582178D5250041EFFC /* Main.storyboard */,
				46B7BD5B2178D5260041EFFC /* Assets.xcassets */,
				46B7BD5D2178D5260041EFFC /* LaunchScreen.storyboard */,
				46B7BD602178D5260041EFFC /* Info.plist */,
			);
			path = PageboyLiteDemo;
			sourceTree = "<group>";
		};
/* End PBXGroup section */

/* Begin PBXNativeTarget section */
		46B7BD502178D5250041EFFC /* PageboyLiteDemo */ = {
			isa = PBXNativeTarget;
			buildConfigurationList = 46B7BD632178D5260041EFFC /* Build configuration list for PBXNativeTarget "PageboyLiteDemo" */;
			buildPhases = (
				46B7BD4D2178D5250041EFFC /* Sources */,
				46B7BD4E2178D5250041EFFC /* Frameworks */,
				46B7BD4F2178D5250041EFFC /* Resources */,
				46B7BD692178D5420041EFFC /* Embed Frameworks */,
			);
			buildRules = (
			);
			dependencies = (
			);
			name = PageboyLiteDemo;
			productName = PageboyLiteDemo;
			productReference = 46B7BD512178D5250041EFFC /* PageboyLiteDemo.app */;
			productType = "com.apple.product-type.application";
		};
/* End PBXNativeTarget section */

/* Begin PBXProject section */
		46B7BD492178D5250041EFFC /* Project object */ = {
			isa = PBXProject;
			attributes = {
				LastSwiftUpdateCheck = 1000;
				LastUpgradeCheck = 1000;
				ORGANIZATIONNAME = "UI At Six";
				TargetAttributes = {
					46B7BD502178D5250041EFFC = {
						CreatedOnToolsVersion = 10.0;
					};
				};
			};
			buildConfigurationList = 46B7BD4C2178D5250041EFFC /* Build configuration list for PBXProject "PageboyLiteDemo" */;
			compatibilityVersion = "Xcode 9.3";
			developmentRegion = en;
			hasScannedForEncodings = 0;
			knownRegions = (
				en,
				Base,
			);
			mainGroup = 46B7BD482178D5250041EFFC;
			productRefGroup = 46B7BD522178D5250041EFFC /* Products */;
			projectDirPath = "";
			projectRoot = "";
			targets = (
				46B7BD502178D5250041EFFC /* PageboyLiteDemo */,
			);
		};
/* End PBXProject section */

/* Begin PBXResourcesBuildPhase section */
		46B7BD4F2178D5250041EFFC /* Resources */ = {
			isa = PBXResourcesBuildPhase;
			buildActionMask = 2147483647;
			files = (
				46B7BD5F2178D5260041EFFC /* LaunchScreen.storyboard in Resources */,
				46B7BD5C2178D5260041EFFC /* Assets.xcassets in Resources */,
				46B7BD5A2178D5250041EFFC /* Main.storyboard in Resources */,
			);
			runOnlyForDeploymentPostprocessing = 0;
		};
/* End PBXResourcesBuildPhase section */

/* Begin PBXSourcesBuildPhase section */
		46B7BD4D2178D5250041EFFC /* Sources */ = {
			isa = PBXSourcesBuildPhase;
			buildActionMask = 2147483647;
			files = (
				46B7BD572178D5250041EFFC /* ViewController.swift in Sources */,
				46B7BD552178D5250041EFFC /* AppDelegate.swift in Sources */,
			);
			runOnlyForDeploymentPostprocessing = 0;
		};
/* End PBXSourcesBuildPhase section */

/* Begin PBXVariantGroup section */
		46B7BD582178D5250041EFFC /* Main.storyboard */ = {
			isa = PBXVariantGroup;
			children = (
				46B7BD592178D5250041EFFC /* Base */,
			);
			name = Main.storyboard;
			sourceTree = "<group>";
		};
		46B7BD5D2178D5260041EFFC /* LaunchScreen.storyboard */ = {
			isa = PBXVariantGroup;
			children = (
				46B7BD5E2178D5260041EFFC /* Base */,
			);
			name = LaunchScreen.storyboard;
			sourceTree = "<group>";
		};
/* End PBXVariantGroup section */

/* Begin XCBuildConfiguration section */
		46B7BD612178D5260041EFFC /* Debug */ = {
			isa = XCBuildConfiguration;
			buildSettings = {
				ALWAYS_SEARCH_USER_PATHS = NO;
				CLANG_ANALYZER_NONNULL = YES;
				CLANG_ANALYZER_NUMBER_OBJECT_CONVERSION = YES_AGGRESSIVE;
				CLANG_CXX_LANGUAGE_STANDARD = "gnu++14";
				CLANG_CXX_LIBRARY = "libc++";
				CLANG_ENABLE_MODULES = YES;
				CLANG_ENABLE_OBJC_ARC = YES;
				CLANG_ENABLE_OBJC_WEAK = YES;
				CLANG_WARN_BLOCK_CAPTURE_AUTORELEASING = YES;
				CLANG_WARN_BOOL_CONVERSION = YES;
				CLANG_WARN_COMMA = YES;
				CLANG_WARN_CONSTANT_CONVERSION = YES;
				CLANG_WARN_DEPRECATED_OBJC_IMPLEMENTATIONS = YES;
				CLANG_WARN_DIRECT_OBJC_ISA_USAGE = YES_ERROR;
				CLANG_WARN_DOCUMENTATION_COMMENTS = YES;
				CLANG_WARN_EMPTY_BODY = YES;
				CLANG_WARN_ENUM_CONVERSION = YES;
				CLANG_WARN_INFINITE_RECURSION = YES;
				CLANG_WARN_INT_CONVERSION = YES;
				CLANG_WARN_NON_LITERAL_NULL_CONVERSION = YES;
				CLANG_WARN_OBJC_IMPLICIT_RETAIN_SELF = YES;
				CLANG_WARN_OBJC_LITERAL_CONVERSION = YES;
				CLANG_WARN_OBJC_ROOT_CLASS = YES_ERROR;
				CLANG_WARN_RANGE_LOOP_ANALYSIS = YES;
				CLANG_WARN_STRICT_PROTOTYPES = YES;
				CLANG_WARN_SUSPICIOUS_MOVE = YES;
				CLANG_WARN_UNGUARDED_AVAILABILITY = YES_AGGRESSIVE;
				CLANG_WARN_UNREACHABLE_CODE = YES;
				CLANG_WARN__DUPLICATE_METHOD_MATCH = YES;
				CODE_SIGN_IDENTITY = "iPhone Developer";
				COPY_PHASE_STRIP = NO;
				DEBUG_INFORMATION_FORMAT = dwarf;
				ENABLE_STRICT_OBJC_MSGSEND = YES;
				ENABLE_TESTABILITY = YES;
				GCC_C_LANGUAGE_STANDARD = gnu11;
				GCC_DYNAMIC_NO_PIC = NO;
				GCC_NO_COMMON_BLOCKS = YES;
				GCC_OPTIMIZATION_LEVEL = 0;
				GCC_PREPROCESSOR_DEFINITIONS = (
					"DEBUG=1",
					"$(inherited)",
				);
				GCC_WARN_64_TO_32_BIT_CONVERSION = YES;
				GCC_WARN_ABOUT_RETURN_TYPE = YES_ERROR;
				GCC_WARN_UNDECLARED_SELECTOR = YES;
				GCC_WARN_UNINITIALIZED_AUTOS = YES_AGGRESSIVE;
				GCC_WARN_UNUSED_FUNCTION = YES;
				GCC_WARN_UNUSED_VARIABLE = YES;
				IPHONEOS_DEPLOYMENT_TARGET = 12.0;
				MTL_ENABLE_DEBUG_INFO = INCLUDE_SOURCE;
				MTL_FAST_MATH = YES;
				ONLY_ACTIVE_ARCH = YES;
				SDKROOT = iphoneos;
				SWIFT_ACTIVE_COMPILATION_CONDITIONS = DEBUG;
				SWIFT_OPTIMIZATION_LEVEL = "-Onone";
			};
			name = Debug;
		};
		46B7BD622178D5260041EFFC /* Release */ = {
			isa = XCBuildConfiguration;
			buildSettings = {
				ALWAYS_SEARCH_USER_PATHS = NO;
				CLANG_ANALYZER_NONNULL = YES;
				CLANG_ANALYZER_NUMBER_OBJECT_CONVERSION = YES_AGGRESSIVE;
				CLANG_CXX_LANGUAGE_STANDARD = "gnu++14";
				CLANG_CXX_LIBRARY = "libc++";
				CLANG_ENABLE_MODULES = YES;
				CLANG_ENABLE_OBJC_ARC = YES;
				CLANG_ENABLE_OBJC_WEAK = YES;
				CLANG_WARN_BLOCK_CAPTURE_AUTORELEASING = YES;
				CLANG_WARN_BOOL_CONVERSION = YES;
				CLANG_WARN_COMMA = YES;
				CLANG_WARN_CONSTANT_CONVERSION = YES;
				CLANG_WARN_DEPRECATED_OBJC_IMPLEMENTATIONS = YES;
				CLANG_WARN_DIRECT_OBJC_ISA_USAGE = YES_ERROR;
				CLANG_WARN_DOCUMENTATION_COMMENTS = YES;
				CLANG_WARN_EMPTY_BODY = YES;
				CLANG_WARN_ENUM_CONVERSION = YES;
				CLANG_WARN_INFINITE_RECURSION = YES;
				CLANG_WARN_INT_CONVERSION = YES;
				CLANG_WARN_NON_LITERAL_NULL_CONVERSION = YES;
				CLANG_WARN_OBJC_IMPLICIT_RETAIN_SELF = YES;
				CLANG_WARN_OBJC_LITERAL_CONVERSION = YES;
				CLANG_WARN_OBJC_ROOT_CLASS = YES_ERROR;
				CLANG_WARN_RANGE_LOOP_ANALYSIS = YES;
				CLANG_WARN_STRICT_PROTOTYPES = YES;
				CLANG_WARN_SUSPICIOUS_MOVE = YES;
				CLANG_WARN_UNGUARDED_AVAILABILITY = YES_AGGRESSIVE;
				CLANG_WARN_UNREACHABLE_CODE = YES;
				CLANG_WARN__DUPLICATE_METHOD_MATCH = YES;
				CODE_SIGN_IDENTITY = "iPhone Developer";
				COPY_PHASE_STRIP = NO;
				DEBUG_INFORMATION_FORMAT = "dwarf-with-dsym";
				ENABLE_NS_ASSERTIONS = NO;
				ENABLE_STRICT_OBJC_MSGSEND = YES;
				GCC_C_LANGUAGE_STANDARD = gnu11;
				GCC_NO_COMMON_BLOCKS = YES;
				GCC_WARN_64_TO_32_BIT_CONVERSION = YES;
				GCC_WARN_ABOUT_RETURN_TYPE = YES_ERROR;
				GCC_WARN_UNDECLARED_SELECTOR = YES;
				GCC_WARN_UNINITIALIZED_AUTOS = YES_AGGRESSIVE;
				GCC_WARN_UNUSED_FUNCTION = YES;
				GCC_WARN_UNUSED_VARIABLE = YES;
				IPHONEOS_DEPLOYMENT_TARGET = 12.0;
				MTL_ENABLE_DEBUG_INFO = NO;
				MTL_FAST_MATH = YES;
				SDKROOT = iphoneos;
				SWIFT_COMPILATION_MODE = wholemodule;
				SWIFT_OPTIMIZATION_LEVEL = "-O";
				VALIDATE_PRODUCT = YES;
			};
			name = Release;
		};
		46B7BD642178D5260041EFFC /* Debug */ = {
			isa = XCBuildConfiguration;
			buildSettings = {
				ASSETCATALOG_COMPILER_APPICON_NAME = AppIcon;
				CODE_SIGN_STYLE = Automatic;
				INFOPLIST_FILE = PageboyLiteDemo/Info.plist;
				LD_RUNPATH_SEARCH_PATHS = (
					"$(inherited)",
					"@executable_path/Frameworks",
				);
				PRODUCT_BUNDLE_IDENTIFIER = com.uias.PageboyLiteDemo;
				PRODUCT_NAME = "$(TARGET_NAME)";
				SWIFT_VERSION = 4.2;
				TARGETED_DEVICE_FAMILY = "1,2";
			};
			name = Debug;
		};
		46B7BD652178D5260041EFFC /* Release */ = {
			isa = XCBuildConfiguration;
			buildSettings = {
				ASSETCATALOG_COMPILER_APPICON_NAME = AppIcon;
				CODE_SIGN_STYLE = Automatic;
				INFOPLIST_FILE = PageboyLiteDemo/Info.plist;
				LD_RUNPATH_SEARCH_PATHS = (
					"$(inherited)",
					"@executable_path/Frameworks",
				);
				PRODUCT_BUNDLE_IDENTIFIER = com.uias.PageboyLiteDemo;
				PRODUCT_NAME = "$(TARGET_NAME)";
				SWIFT_VERSION = 4.2;
				TARGETED_DEVICE_FAMILY = "1,2";
			};
			name = Release;
		};
/* End XCBuildConfiguration section */

/* Begin XCConfigurationList section */
		46B7BD4C2178D5250041EFFC /* Build configuration list for PBXProject "PageboyLiteDemo" */ = {
			isa = XCConfigurationList;
			buildConfigurations = (
				46B7BD612178D5260041EFFC /* Debug */,
				46B7BD622178D5260041EFFC /* Release */,
			);
			defaultConfigurationIsVisible = 0;
			defaultConfigurationName = Release;
		};
		46B7BD632178D5260041EFFC /* Build configuration list for PBXNativeTarget "PageboyLiteDemo" */ = {
			isa = XCConfigurationList;
			buildConfigurations = (
				46B7BD642178D5260041EFFC /* Debug */,
				46B7BD652178D5260041EFFC /* Release */,
			);
			defaultConfigurationIsVisible = 0;
			defaultConfigurationName = Release;
		};
/* End XCConfigurationList section */
	};
	rootObject = 46B7BD492178D5250041EFFC /* Project object */;
}
