// !$*UTF8*$!
{
	archiveVersion = 1;
	classes = {
	};
	objectVersion = 46;
	objects = {

/* Begin PBXBuildFile section */
		D623B1E21E1D32D700527F3D /* AppDelegate.swift in Sources */ = {isa = PBXBuildFile; fileRef = D623B1E11E1D32D700527F3D /* AppDelegate.swift */; };
		D623B1E41E1D32D700527F3D /* PageViewController.swift in Sources */ = {isa = PBXBuildFile; fileRef = D623B1E31E1D32D700527F3D /* PageViewController.swift */; };
		D623B1E71E1D32D700527F3D /* Main.storyboard in Resources */ = {isa = PBXBuildFile; fileRef = D623B1E51E1D32D700527F3D /* Main.storyboard */; };
		D623B1E91E1D32D700527F3D /* Assets.xcassets in Resources */ = {isa = PBXBuildFile; fileRef = D623B1E81E1D32D700527F3D /* Assets.xcassets */; };
		D623B1EC1E1D32D700527F3D /* LaunchScreen.storyboard in Resources */ = {isa = PBXBuildFile; fileRef = D623B1EA1E1D32D700527F3D /* LaunchScreen.storyboard */; };
		D681E3331E546A90007C08F5 /* Pageboy.framework in Frameworks */ = {isa = PBXBuildFile; fileRef = D681E3241E546A7D007C08F5 /* Pageboy.framework */; };
		D681E3341E546A90007C08F5 /* Pageboy.framework in Embed Frameworks */ = {isa = PBXBuildFile; fileRef = D681E3241E546A7D007C08F5 /* Pageboy.framework */; settings = {ATTRIBUTES = (CodeSignOnCopy, RemoveHeadersOnCopy, ); }; };
		D681E3511E54959B007C08F5 /* GradientView.swift in Sources */ = {isa = PBXBuildFile; fileRef = D681E3501E54959B007C08F5 /* GradientView.swift */; };
		D681E3541E549F7E007C08F5 /* PageViewController+Appearance.swift in Sources */ = {isa = PBXBuildFile; fileRef = D681E3531E549F7E007C08F5 /* PageViewController+Appearance.swift */; };
		D681E3561E54ABE8007C08F5 /* TransparentNavigationBar.swift in Sources */ = {isa = PBXBuildFile; fileRef = D681E3551E54ABE8007C08F5 /* TransparentNavigationBar.swift */; };
		D6B0438D1F1F5C2D00367C61 /* GradientConfig.swift in Sources */ = {isa = PBXBuildFile; fileRef = D6B0438C1F1F5C2D00367C61 /* GradientConfig.swift */; };
		D6ECCEC61E51B6FB00E9D5B3 /* ChildViewController.swift in Sources */ = {isa = PBXBuildFile; fileRef = D6ECCEC51E51B6FB00E9D5B3 /* ChildViewController.swift */; };
		E8F663AB1E9C387D00F601AC /* UINavigationController+Utilities.swift in Sources */ = {isa = PBXBuildFile; fileRef = E8F663AA1E9C387D00F601AC /* UINavigationController+Utilities.swift */; };
/* End PBXBuildFile section */

/* Begin PBXContainerItemProxy section */
		466A76D31FB4EFC9000B5C1C /* PBXContainerItemProxy */ = {
			isa = PBXContainerItemProxy;
			containerPortal = D681E31E1E546A7D007C08F5 /* Pageboy.xcodeproj */;
			proxyType = 2;
			remoteGlobalIDString = D63A21501F2758D700FEA92D;
			remoteInfo = "Pageboy tvOS";
		};
		D681E3231E546A7D007C08F5 /* PBXContainerItemProxy */ = {
			isa = PBXContainerItemProxy;
			containerPortal = D681E31E1E546A7D007C08F5 /* Pageboy.xcodeproj */;
			proxyType = 2;
			remoteGlobalIDString = D623B1B71E1D0C6A00527F3D;
			remoteInfo = Pageboy;
		};
		D681E3251E546A7D007C08F5 /* PBXContainerItemProxy */ = {
			isa = PBXContainerItemProxy;
			containerPortal = D681E31E1E546A7D007C08F5 /* Pageboy.xcodeproj */;
			proxyType = 2;
			remoteGlobalIDString = D623B1C01E1D0C6B00527F3D;
			remoteInfo = PageboyTests;
		};
		D681E3351E546A90007C08F5 /* PBXContainerItemProxy */ = {
			isa = PBXContainerItemProxy;
			containerPortal = D681E31E1E546A7D007C08F5 /* Pageboy.xcodeproj */;
			proxyType = 1;
			remoteGlobalIDString = D623B1B61E1D0C6A00527F3D;
			remoteInfo = Pageboy;
		};
/* End PBXContainerItemProxy section */

/* Begin PBXCopyFilesBuildPhase section */
		D6E73A701E51F7C400A8D5A5 /* Embed Frameworks */ = {
			isa = PBXCopyFilesBuildPhase;
			buildActionMask = 2147483647;
			dstPath = "";
			dstSubfolderSpec = 10;
			files = (
				D681E3341E546A90007C08F5 /* Pageboy.framework in Embed Frameworks */,
			);
			name = "Embed Frameworks";
			runOnlyForDeploymentPostprocessing = 0;
		};
/* End PBXCopyFilesBuildPhase section */

/* Begin PBXFileReference section */
		D623B1DE1E1D32D700527F3D /* Pageboy-Example.app */ = {isa = PBXFileReference; explicitFileType = wrapper.application; includeInIndex = 0; path = "Pageboy-Example.app"; sourceTree = BUILT_PRODUCTS_DIR; };
		D623B1E11E1D32D700527F3D /* AppDelegate.swift */ = {isa = PBXFileReference; lastKnownFileType = sourcecode.swift; path = AppDelegate.swift; sourceTree = "<group>"; };
		D623B1E31E1D32D700527F3D /* PageViewController.swift */ = {isa = PBXFileReference; lastKnownFileType = sourcecode.swift; path = PageViewController.swift; sourceTree = "<group>"; };
		D623B1E61E1D32D700527F3D /* Base */ = {isa = PBXFileReference; lastKnownFileType = file.storyboard; name = Base; path = Base.lproj/Main.storyboard; sourceTree = "<group>"; };
		D623B1E81E1D32D700527F3D /* Assets.xcassets */ = {isa = PBXFileReference; lastKnownFileType = folder.assetcatalog; path = Assets.xcassets; sourceTree = "<group>"; };
		D623B1EB1E1D32D700527F3D /* Base */ = {isa = PBXFileReference; lastKnownFileType = file.storyboard; name = Base; path = Base.lproj/LaunchScreen.storyboard; sourceTree = "<group>"; };
		D623B1ED1E1D32D700527F3D /* Info.plist */ = {isa = PBXFileReference; lastKnownFileType = text.plist.xml; path = Info.plist; sourceTree = "<group>"; };
		D681E31E1E546A7D007C08F5 /* Pageboy.xcodeproj */ = {isa = PBXFileReference; lastKnownFileType = "wrapper.pb-project"; name = Pageboy.xcodeproj; path = ../Sources/Pageboy.xcodeproj; sourceTree = "<group>"; };
		D681E3501E54959B007C08F5 /* GradientView.swift */ = {isa = PBXFileReference; fileEncoding = 4; lastKnownFileType = sourcecode.swift; path = GradientView.swift; sourceTree = "<group>"; };
		D681E3531E549F7E007C08F5 /* PageViewController+Appearance.swift */ = {isa = PBXFileReference; fileEncoding = 4; lastKnownFileType = sourcecode.swift; path = "PageViewController+Appearance.swift"; sourceTree = "<group>"; };
		D681E3551E54ABE8007C08F5 /* TransparentNavigationBar.swift */ = {isa = PBXFileReference; fileEncoding = 4; lastKnownFileType = sourcecode.swift; path = TransparentNavigationBar.swift; sourceTree = "<group>"; };
		D6B0438C1F1F5C2D00367C61 /* GradientConfig.swift */ = {isa = PBXFileReference; fileEncoding = 4; lastKnownFileType = sourcecode.swift; path = GradientConfig.swift; sourceTree = "<group>"; };
		D6ECCEC51E51B6FB00E9D5B3 /* ChildViewController.swift */ = {isa = PBXFileReference; fileEncoding = 4; lastKnownFileType = sourcecode.swift; path = ChildViewController.swift; sourceTree = "<group>"; };
		E8F663AA1E9C387D00F601AC /* UINavigationController+Utilities.swift */ = {isa = PBXFileReference; fileEncoding = 4; lastKnownFileType = sourcecode.swift; path = "UINavigationController+Utilities.swift"; sourceTree = "<group>"; };
/* End PBXFileReference section */

/* Begin PBXFrameworksBuildPhase section */
		D623B1DB1E1D32D700527F3D /* Frameworks */ = {
			isa = PBXFrameworksBuildPhase;
			buildActionMask = 2147483647;
			files = (
				D681E3331E546A90007C08F5 /* Pageboy.framework in Frameworks */,
			);
			runOnlyForDeploymentPostprocessing = 0;
		};
/* End PBXFrameworksBuildPhase section */

/* Begin PBXGroup section */
		D623B1D51E1D32D700527F3D = {
			isa = PBXGroup;
			children = (
				D623B1E01E1D32D700527F3D /* Pageboy-Example */,
				D6CC55831ECCCCB700A7FBB4 /* Frameworks */,
				D623B1DF1E1D32D700527F3D /* Products */,
			);
			sourceTree = "<group>";
		};
		D623B1DF1E1D32D700527F3D /* Products */ = {
			isa = PBXGroup;
			children = (
				D623B1DE1E1D32D700527F3D /* Pageboy-Example.app */,
			);
			name = Products;
			sourceTree = "<group>";
		};
		D623B1E01E1D32D700527F3D /* Pageboy-Example */ = {
			isa = PBXGroup;
			children = (
				D623B1E11E1D32D700527F3D /* AppDelegate.swift */,
				D623B1E31E1D32D700527F3D /* PageViewController.swift */,
				D6ECCEC51E51B6FB00E9D5B3 /* ChildViewController.swift */,
				D623B1E51E1D32D700527F3D /* Main.storyboard */,
				D681E3521E54959F007C08F5 /* Example Extras */,
				D681E34F1E549508007C08F5 /* Resources */,
			);
			path = "Pageboy-Example";
			sourceTree = "<group>";
		};
		D681E31F1E546A7D007C08F5 /* Products */ = {
			isa = PBXGroup;
			children = (
				D681E3241E546A7D007C08F5 /* Pageboy.framework */,
				466A76D41FB4EFC9000B5C1C /* Pageboy.framework */,
				D681E3261E546A7D007C08F5 /* PageboyTests.xctest */,
			);
			name = Products;
			sourceTree = "<group>";
		};
		D681E34F1E549508007C08F5 /* Resources */ = {
			isa = PBXGroup;
			children = (
				D623B1E81E1D32D700527F3D /* Assets.xcassets */,
				D623B1EA1E1D32D700527F3D /* LaunchScreen.storyboard */,
				D623B1ED1E1D32D700527F3D /* Info.plist */,
			);
			name = Resources;
			sourceTree = "<group>";
		};
		D681E3521E54959F007C08F5 /* Example Extras */ = {
			isa = PBXGroup;
			children = (
				D681E3531E549F7E007C08F5 /* PageViewController+Appearance.swift */,
				D681E3501E54959B007C08F5 /* GradientView.swift */,
				D6B0438C1F1F5C2D00367C61 /* GradientConfig.swift */,
				D681E3551E54ABE8007C08F5 /* TransparentNavigationBar.swift */,
				E8F663AA1E9C387D00F601AC /* UINavigationController+Utilities.swift */,
			);
			name = "Example Extras";
			sourceTree = "<group>";
		};
		D6CC55831ECCCCB700A7FBB4 /* Frameworks */ = {
			isa = PBXGroup;
			children = (
				D681E31E1E546A7D007C08F5 /* Pageboy.xcodeproj */,
			);
			name = Frameworks;
			sourceTree = "<group>";
		};
/* End PBXGroup section */

/* Begin PBXNativeTarget section */
		D623B1DD1E1D32D700527F3D /* Pageboy-Example */ = {
			isa = PBXNativeTarget;
			buildConfigurationList = D623B1F01E1D32D700527F3D /* Build configuration list for PBXNativeTarget "Pageboy-Example" */;
			buildPhases = (
				D623B1DA1E1D32D700527F3D /* Sources */,
				D623B1DB1E1D32D700527F3D /* Frameworks */,
				D623B1DC1E1D32D700527F3D /* Resources */,
				D6E73A701E51F7C400A8D5A5 /* Embed Frameworks */,
			);
			buildRules = (
			);
			dependencies = (
				D681E3361E546A90007C08F5 /* PBXTargetDependency */,
			);
			name = "Pageboy-Example";
			productName = "Pageboy-Example";
			productReference = D623B1DE1E1D32D700527F3D /* Pageboy-Example.app */;
			productType = "com.apple.product-type.application";
		};
/* End PBXNativeTarget section */

/* Begin PBXProject section */
		D623B1D61E1D32D700527F3D /* Project object */ = {
			isa = PBXProject;
			attributes = {
				LastSwiftUpdateCheck = 0820;
				LastUpgradeCheck = 0900;
				ORGANIZATIONNAME = "Merrick Sapsford";
				TargetAttributes = {
					D623B1DD1E1D32D700527F3D = {
						CreatedOnToolsVersion = 8.2;
						DevelopmentTeam = F27J9LHKF5;
						LastSwiftMigration = 0900;
						ProvisioningStyle = Automatic;
					};
				};
			};
			buildConfigurationList = D623B1D91E1D32D700527F3D /* Build configuration list for PBXProject "Pageboy-Example" */;
			compatibilityVersion = "Xcode 3.2";
			developmentRegion = English;
			hasScannedForEncodings = 0;
			knownRegions = (
				en,
				Base,
			);
			mainGroup = D623B1D51E1D32D700527F3D;
			productRefGroup = D623B1DF1E1D32D700527F3D /* Products */;
			projectDirPath = "";
			projectReferences = (
				{
					ProductGroup = D681E31F1E546A7D007C08F5 /* Products */;
					ProjectRef = D681E31E1E546A7D007C08F5 /* Pageboy.xcodeproj */;
				},
			);
			projectRoot = "";
			targets = (
				D623B1DD1E1D32D700527F3D /* Pageboy-Example */,
			);
		};
/* End PBXProject section */

/* Begin PBXReferenceProxy section */
		466A76D41FB4EFC9000B5C1C /* Pageboy.framework */ = {
			isa = PBXReferenceProxy;
			fileType = wrapper.framework;
			path = Pageboy.framework;
			remoteRef = 466A76D31FB4EFC9000B5C1C /* PBXContainerItemProxy */;
			sourceTree = BUILT_PRODUCTS_DIR;
		};
		D681E3241E546A7D007C08F5 /* Pageboy.framework */ = {
			isa = PBXReferenceProxy;
			fileType = wrapper.framework;
			path = Pageboy.framework;
			remoteRef = D681E3231E546A7D007C08F5 /* PBXContainerItemProxy */;
			sourceTree = BUILT_PRODUCTS_DIR;
		};
		D681E3261E546A7D007C08F5 /* PageboyTests.xctest */ = {
			isa = PBXReferenceProxy;
			fileType = wrapper.cfbundle;
			path = PageboyTests.xctest;
			remoteRef = D681E3251E546A7D007C08F5 /* PBXContainerItemProxy */;
			sourceTree = BUILT_PRODUCTS_DIR;
		};
/* End PBXReferenceProxy section */

/* Begin PBXResourcesBuildPhase section */
		D623B1DC1E1D32D700527F3D /* Resources */ = {
			isa = PBXResourcesBuildPhase;
			buildActionMask = 2147483647;
			files = (
				D623B1EC1E1D32D700527F3D /* LaunchScreen.storyboard in Resources */,
				D623B1E91E1D32D700527F3D /* Assets.xcassets in Resources */,
				D623B1E71E1D32D700527F3D /* Main.storyboard in Resources */,
			);
			runOnlyForDeploymentPostprocessing = 0;
		};
/* End PBXResourcesBuildPhase section */

/* Begin PBXSourcesBuildPhase section */
		D623B1DA1E1D32D700527F3D /* Sources */ = {
			isa = PBXSourcesBuildPhase;
			buildActionMask = 2147483647;
			files = (
				D623B1E41E1D32D700527F3D /* PageViewController.swift in Sources */,
				D623B1E21E1D32D700527F3D /* AppDelegate.swift in Sources */,
				D681E3561E54ABE8007C08F5 /* TransparentNavigationBar.swift in Sources */,
				D6B0438D1F1F5C2D00367C61 /* GradientConfig.swift in Sources */,
				D681E3541E549F7E007C08F5 /* PageViewController+Appearance.swift in Sources */,
				D681E3511E54959B007C08F5 /* GradientView.swift in Sources */,
				D6ECCEC61E51B6FB00E9D5B3 /* ChildViewController.swift in Sources */,
				E8F663AB1E9C387D00F601AC /* UINavigationController+Utilities.swift in Sources */,
			);
			runOnlyForDeploymentPostprocessing = 0;
		};
/* End PBXSourcesBuildPhase section */

/* Begin PBXTargetDependency section */
		D681E3361E546A90007C08F5 /* PBXTargetDependency */ = {
			isa = PBXTargetDependency;
			name = Pageboy;
			targetProxy = D681E3351E546A90007C08F5 /* PBXContainerItemProxy */;
		};
/* End PBXTargetDependency section */

/* Begin PBXVariantGroup section */
		D623B1E51E1D32D700527F3D /* Main.storyboard */ = {
			isa = PBXVariantGroup;
			children = (
				D623B1E61E1D32D700527F3D /* Base */,
			);
			name = Main.storyboard;
			sourceTree = "<group>";
		};
		D623B1EA1E1D32D700527F3D /* LaunchScreen.storyboard */ = {
			isa = PBXVariantGroup;
			children = (
				D623B1EB1E1D32D700527F3D /* Base */,
			);
			name = LaunchScreen.storyboard;
			sourceTree = "<group>";
		};
/* End PBXVariantGroup section */

/* Begin XCBuildConfiguration section */
		D623B1EE1E1D32D700527F3D /* Debug */ = {
			isa = XCBuildConfiguration;
			buildSettings = {
				ALWAYS_SEARCH_USER_PATHS = NO;
				CLANG_ANALYZER_NONNULL = YES;
				CLANG_CXX_LANGUAGE_STANDARD = "gnu++0x";
				CLANG_CXX_LIBRARY = "libc++";
				CLANG_ENABLE_MODULES = YES;
				CLANG_ENABLE_OBJC_ARC = YES;
				CLANG_WARN_BLOCK_CAPTURE_AUTORELEASING = YES;
				CLANG_WARN_BOOL_CONVERSION = YES;
				CLANG_WARN_COMMA = YES;
				CLANG_WARN_CONSTANT_CONVERSION = YES;
				CLANG_WARN_DIRECT_OBJC_ISA_USAGE = YES_ERROR;
				CLANG_WARN_DOCUMENTATION_COMMENTS = YES;
				CLANG_WARN_EMPTY_BODY = YES;
				CLANG_WARN_ENUM_CONVERSION = YES;
				CLANG_WARN_INFINITE_RECURSION = YES;
				CLANG_WARN_INT_CONVERSION = YES;
				CLANG_WARN_NON_LITERAL_NULL_CONVERSION = YES;
				CLANG_WARN_OBJC_LITERAL_CONVERSION = YES;
				CLANG_WARN_OBJC_ROOT_CLASS = YES_ERROR;
				CLANG_WARN_RANGE_LOOP_ANALYSIS = YES;
				CLANG_WARN_STRICT_PROTOTYPES = YES;
				CLANG_WARN_SUSPICIOUS_MOVE = YES;
				CLANG_WARN_UNREACHABLE_CODE = YES;
				CLANG_WARN__DUPLICATE_METHOD_MATCH = YES;
				"CODE_SIGN_IDENTITY[sdk=iphoneos*]" = "iPhone Developer";
				COPY_PHASE_STRIP = NO;
				DEBUG_INFORMATION_FORMAT = dwarf;
				ENABLE_STRICT_OBJC_MSGSEND = YES;
				ENABLE_TESTABILITY = YES;
				GCC_C_LANGUAGE_STANDARD = gnu99;
				GCC_DYNAMIC_NO_PIC = NO;
				GCC_NO_COMMON_BLOCKS = YES;
				GCC_OPTIMIZATION_LEVEL = 0;
				GCC_PREPROCESSOR_DEFINITIONS = (
					"DEBUG=1",
					"$(inherited)",
				);
				GCC_WARN_64_TO_32_BIT_CONVERSION = YES;
				GCC_WARN_ABOUT_RETURN_TYPE = YES_ERROR;
				GCC_WARN_UNDECLARED_SELECTOR = YES;
				GCC_WARN_UNINITIALIZED_AUTOS = YES_AGGRESSIVE;
				GCC_WARN_UNUSED_FUNCTION = YES;
				GCC_WARN_UNUSED_VARIABLE = YES;
				IPHONEOS_DEPLOYMENT_TARGET = 8.0;
				MTL_ENABLE_DEBUG_INFO = YES;
				ONLY_ACTIVE_ARCH = YES;
				SDKROOT = iphoneos;
				SWIFT_ACTIVE_COMPILATION_CONDITIONS = DEBUG;
				SWIFT_OPTIMIZATION_LEVEL = "-Onone";
				SWIFT_SWIFT3_OBJC_INFERENCE = Off;
				SWIFT_VERSION = 4.0;
			};
			name = Debug;
		};
		D623B1EF1E1D32D700527F3D /* Release */ = {
			isa = XCBuildConfiguration;
			buildSettings = {
				ALWAYS_SEARCH_USER_PATHS = NO;
				CLANG_ANALYZER_NONNULL = YES;
				CLANG_CXX_LANGUAGE_STANDARD = "gnu++0x";
				CLANG_CXX_LIBRARY = "libc++";
				CLANG_ENABLE_MODULES = YES;
				CLANG_ENABLE_OBJC_ARC = YES;
				CLANG_WARN_BLOCK_CAPTURE_AUTORELEASING = YES;
				CLANG_WARN_BOOL_CONVERSION = YES;
				CLANG_WARN_COMMA = YES;
				CLANG_WARN_CONSTANT_CONVERSION = YES;
				CLANG_WARN_DIRECT_OBJC_ISA_USAGE = YES_ERROR;
				CLANG_WARN_DOCUMENTATION_COMMENTS = YES;
				CLANG_WARN_EMPTY_BODY = YES;
				CLANG_WARN_ENUM_CONVERSION = YES;
				CLANG_WARN_INFINITE_RECURSION = YES;
				CLANG_WARN_INT_CONVERSION = YES;
				CLANG_WARN_NON_LITERAL_NULL_CONVERSION = YES;
				CLANG_WARN_OBJC_LITERAL_CONVERSION = YES;
				CLANG_WARN_OBJC_ROOT_CLASS = YES_ERROR;
				CLANG_WARN_RANGE_LOOP_ANALYSIS = YES;
				CLANG_WARN_STRICT_PROTOTYPES = YES;
				CLANG_WARN_SUSPICIOUS_MOVE = YES;
				CLANG_WARN_UNREACHABLE_CODE = YES;
				CLANG_WARN__DUPLICATE_METHOD_MATCH = YES;
				"CODE_SIGN_IDENTITY[sdk=iphoneos*]" = "iPhone Developer";
				COPY_PHASE_STRIP = NO;
				DEBUG_INFORMATION_FORMAT = "dwarf-with-dsym";
				ENABLE_NS_ASSERTIONS = NO;
				ENABLE_STRICT_OBJC_MSGSEND = YES;
				GCC_C_LANGUAGE_STANDARD = gnu99;
				GCC_NO_COMMON_BLOCKS = YES;
				GCC_WARN_64_TO_32_BIT_CONVERSION = YES;
				GCC_WARN_ABOUT_RETURN_TYPE = YES_ERROR;
				GCC_WARN_UNDECLARED_SELECTOR = YES;
				GCC_WARN_UNINITIALIZED_AUTOS = YES_AGGRESSIVE;
				GCC_WARN_UNUSED_FUNCTION = YES;
				GCC_WARN_UNUSED_VARIABLE = YES;
				IPHONEOS_DEPLOYMENT_TARGET = 8.0;
				MTL_ENABLE_DEBUG_INFO = NO;
				SDKROOT = iphoneos;
				SWIFT_OPTIMIZATION_LEVEL = "-Owholemodule";
				SWIFT_SWIFT3_OBJC_INFERENCE = Off;
				SWIFT_VERSION = 4.0;
				VALIDATE_PRODUCT = YES;
			};
			name = Release;
		};
		D623B1F11E1D32D700527F3D /* Debug */ = {
			isa = XCBuildConfiguration;
			buildSettings = {
				ALWAYS_EMBED_SWIFT_STANDARD_LIBRARIES = YES;
				ASSETCATALOG_COMPILER_APPICON_NAME = AppIcon;
				"CODE_SIGN_IDENTITY[sdk=iphoneos*]" = "iPhone Developer";
				DEVELOPMENT_TEAM = F27J9LHKF5;
				INFOPLIST_FILE = "Pageboy-Example/Info.plist";
				LD_RUNPATH_SEARCH_PATHS = "$(inherited) @executable_path/Frameworks";
				PRODUCT_BUNDLE_IDENTIFIER = "com.msapsford.Pageboy-Example";
				PRODUCT_NAME = "$(TARGET_NAME)";
				PROVISIONING_PROFILE = "";
				PROVISIONING_PROFILE_SPECIFIER = "";
				SWIFT_VERSION = 4.0;
				TARGETED_DEVICE_FAMILY = "1,2";
			};
			name = Debug;
		};
		D623B1F21E1D32D700527F3D /* Release */ = {
			isa = XCBuildConfiguration;
			buildSettings = {
				ALWAYS_EMBED_SWIFT_STANDARD_LIBRARIES = YES;
				ASSETCATALOG_COMPILER_APPICON_NAME = AppIcon;
				"CODE_SIGN_IDENTITY[sdk=iphoneos*]" = "iPhone Developer";
				DEVELOPMENT_TEAM = F27J9LHKF5;
				INFOPLIST_FILE = "Pageboy-Example/Info.plist";
				LD_RUNPATH_SEARCH_PATHS = "$(inherited) @executable_path/Frameworks";
				PRODUCT_BUNDLE_IDENTIFIER = "com.msapsford.Pageboy-Example";
				PRODUCT_NAME = "$(TARGET_NAME)";
				SWIFT_VERSION = 4.0;
				TARGETED_DEVICE_FAMILY = "1,2";
			};
			name = Release;
		};
/* End XCBuildConfiguration section */

/* Begin XCConfigurationList section */
		D623B1D91E1D32D700527F3D /* Build configuration list for PBXProject "Pageboy-Example" */ = {
			isa = XCConfigurationList;
			buildConfigurations = (
				D623B1EE1E1D32D700527F3D /* Debug */,
				D623B1EF1E1D32D700527F3D /* Release */,
			);
			defaultConfigurationIsVisible = 0;
			defaultConfigurationName = Release;
		};
		D623B1F01E1D32D700527F3D /* Build configuration list for PBXNativeTarget "Pageboy-Example" */ = {
			isa = XCConfigurationList;
			buildConfigurations = (
				D623B1F11E1D32D700527F3D /* Debug */,
				D623B1F21E1D32D700527F3D /* Release */,
			);
			defaultConfigurationIsVisible = 0;
			defaultConfigurationName = Release;
		};
/* End XCConfigurationList section */
	};
	rootObject = D623B1D61E1D32D700527F3D /* Project object */;
}
